// !$*UTF8*$!
{
	archiveVersion = 1;
	classes = {
	};
	objectVersion = 46;
	objects = {

/* Begin PBXBuildFile section */
		CA02DC7F15C261BA0070B1F5 /* CellScanningResult.mm in Sources */ = {isa = PBXBuildFile; fileRef = CA02DC7E15C261B90070B1F5 /* CellScanningResult.mm */; };
		CA02DC8715C423D80070B1F5 /* CellAction.mm in Sources */ = {isa = PBXBuildFile; fileRef = CA02DC8615C423D80070B1F5 /* CellAction.mm */; };
		CA02DC8E15C458B80070B1F5 /* CellActionMultiply.mm in Sources */ = {isa = PBXBuildFile; fileRef = CA02DC8D15C458B80070B1F5 /* CellActionMultiply.mm */; };
		CA02DC9A15C47FE20070B1F5 /* CellMoveImmovable.mm in Sources */ = {isa = PBXBuildFile; fileRef = CA02DC9215C47FE20070B1F5 /* CellMoveImmovable.mm */; };
		CA02DC9B15C47FE20070B1F5 /* CellMoveFloat.mm in Sources */ = {isa = PBXBuildFile; fileRef = CA02DC9415C47FE20070B1F5 /* CellMoveFloat.mm */; };
		CA02DC9C15C47FE20070B1F5 /* CellMoveRandomWalk.mm in Sources */ = {isa = PBXBuildFile; fileRef = CA02DC9615C47FE20070B1F5 /* CellMoveRandomWalk.mm */; };
		CA02DC9F15C481DC0070B1F5 /* CellMoveImmovable.mm in Sources */ = {isa = PBXBuildFile; fileRef = CA02DC9215C47FE20070B1F5 /* CellMoveImmovable.mm */; };
		CA02DCA015C481DF0070B1F5 /* CellMoveFloat.mm in Sources */ = {isa = PBXBuildFile; fileRef = CA02DC9415C47FE20070B1F5 /* CellMoveFloat.mm */; };
		CA02DCA115C481E30070B1F5 /* CellMoveRandomWalk.mm in Sources */ = {isa = PBXBuildFile; fileRef = CA02DC9615C47FE20070B1F5 /* CellMoveRandomWalk.mm */; };
		CA69105F174148CF00BAE086 /* CellMoveWithTarget.mm in Sources */ = {isa = PBXBuildFile; fileRef = CA69105E174148CF00BAE086 /* CellMoveWithTarget.mm */; };
		CA6910611741498600BAE086 /* CellMoveApproachNearestTarget.mm in Sources */ = {isa = PBXBuildFile; fileRef = CA6910601741498500BAE086 /* CellMoveApproachNearestTarget.mm */; };
		CA691063174149DA00BAE086 /* CellMoveApproachTarget.mm in Sources */ = {isa = PBXBuildFile; fileRef = CA691062174149D900BAE086 /* CellMoveApproachTarget.mm */; };
		CA69106517414A7800BAE086 /* CellMoveWithNearestTarget.mm in Sources */ = {isa = PBXBuildFile; fileRef = CA69106417414A7700BAE086 /* CellMoveWithNearestTarget.mm */; };
		CA69106717414BA500BAE086 /* CellMoveEscape.mm in Sources */ = {isa = PBXBuildFile; fileRef = CA69106617414BA300BAE086 /* CellMoveEscape.mm */; };
		CA69106917414DBE00BAE086 /* CellMoveMoon.mm in Sources */ = {isa = PBXBuildFile; fileRef = CA69106817414DBC00BAE086 /* CellMoveMoon.mm */; };
		CA69106B17414E2400BAE086 /* CellMoveTraceTarget.mm in Sources */ = {isa = PBXBuildFile; fileRef = CA69106A17414E2100BAE086 /* CellMoveTraceTarget.mm */; };
		CA69106D17414EA600BAE086 /* CellActionConditional.mm in Sources */ = {isa = PBXBuildFile; fileRef = CA69106C17414EA300BAE086 /* CellActionConditional.mm */; };
		CA7F4CD7160E99DC000C75B0 /* MNResetScene.mm in Sources */ = {isa = PBXBuildFile; fileRef = CA7F4CD6160E99DC000C75B0 /* MNResetScene.mm */; };
		CA7F4CDB160E9FC1000C75B0 /* ButtonSettings.png in Resources */ = {isa = PBXBuildFile; fileRef = CA7F4CD9160E9FC1000C75B0 /* ButtonSettings.png */; };
		CA7F4CDC160E9FC1000C75B0 /* ButtonSettings@2x.png in Resources */ = {isa = PBXBuildFile; fileRef = CA7F4CDA160E9FC1000C75B0 /* ButtonSettings@2x.png */; };
		CA8BF7BD15BC8B2900B7B572 /* UIKit.framework in Frameworks */ = {isa = PBXBuildFile; fileRef = CA8BF7BC15BC8B2900B7B572 /* UIKit.framework */; };
		CA8BF7BF15BC8B2900B7B572 /* Foundation.framework in Frameworks */ = {isa = PBXBuildFile; fileRef = CA8BF7BE15BC8B2900B7B572 /* Foundation.framework */; };
		CA8BF7C115BC8B2900B7B572 /* CoreGraphics.framework in Frameworks */ = {isa = PBXBuildFile; fileRef = CA8BF7C015BC8B2900B7B572 /* CoreGraphics.framework */; };
		CA8BF7C715BC8B2900B7B572 /* InfoPlist.strings in Resources */ = {isa = PBXBuildFile; fileRef = CA8BF7C515BC8B2900B7B572 /* InfoPlist.strings */; };
		CA8BF7C915BC8B2900B7B572 /* main.mm in Sources */ = {isa = PBXBuildFile; fileRef = CA8BF7C815BC8B2900B7B572 /* main.mm */; };
		CA8BF7CD15BC8B2900B7B572 /* MNAppDelegate.mm in Sources */ = {isa = PBXBuildFile; fileRef = CA8BF7CC15BC8B2900B7B572 /* MNAppDelegate.mm */; };
		CA8BF7D515BC8B2900B7B572 /* SenTestingKit.framework in Frameworks */ = {isa = PBXBuildFile; fileRef = CA8BF7D415BC8B2900B7B572 /* SenTestingKit.framework */; };
		CA8BF7D615BC8B2900B7B572 /* UIKit.framework in Frameworks */ = {isa = PBXBuildFile; fileRef = CA8BF7BC15BC8B2900B7B572 /* UIKit.framework */; };
		CA8BF7D715BC8B2900B7B572 /* Foundation.framework in Frameworks */ = {isa = PBXBuildFile; fileRef = CA8BF7BE15BC8B2900B7B572 /* Foundation.framework */; };
		CA8BF7DF15BC8B2900B7B572 /* InfoPlist.strings in Resources */ = {isa = PBXBuildFile; fileRef = CA8BF7DD15BC8B2900B7B572 /* InfoPlist.strings */; };
		CA8BF7E215BC8B2900B7B572 /* MuniTests.m in Sources */ = {isa = PBXBuildFile; fileRef = CA8BF7E115BC8B2900B7B572 /* MuniTests.m */; };
		CA8BF7F015BC8B6100B7B572 /* OpenGLES.framework in Frameworks */ = {isa = PBXBuildFile; fileRef = CA8BF7EF15BC8B6100B7B572 /* OpenGLES.framework */; };
		CA8BF7F215BC8B6700B7B572 /* QuartzCore.framework in Frameworks */ = {isa = PBXBuildFile; fileRef = CA8BF7F115BC8B6700B7B572 /* QuartzCore.framework */; };
		CA8BF7F715BC8C1A00B7B572 /* MNMainViewController.mm in Sources */ = {isa = PBXBuildFile; fileRef = CA8BF7F515BC8C1A00B7B572 /* MNMainViewController.mm */; };
		CA8BF7F815BC8C1A00B7B572 /* MNMainViewController_iPad.xib in Resources */ = {isa = PBXBuildFile; fileRef = CA8BF7F615BC8C1A00B7B572 /* MNMainViewController_iPad.xib */; };
		CA8BF7FD15BC8C7D00B7B572 /* MNMainViewController_iPhone.xib in Resources */ = {isa = PBXBuildFile; fileRef = CA8BF7FB15BC8C7D00B7B572 /* MNMainViewController_iPhone.xib */; };
		CA8BF80415BC8FC900B7B572 /* MNStandardCell.mm in Sources */ = {isa = PBXBuildFile; fileRef = CA8BF80315BC8FC900B7B572 /* MNStandardCell.mm */; };
		CA8BF80A15BC90A600B7B572 /* Field.mm in Sources */ = {isa = PBXBuildFile; fileRef = CA8BF80915BC90A600B7B572 /* Field.mm */; };
		CA8BF80F15BC941E00B7B572 /* JZGLTexture.mm in Sources */ = {isa = PBXBuildFile; fileRef = CA8BF80E15BC941E00B7B572 /* JZGLTexture.mm */; };
		CAA99D4E15C05CE6002B85D2 /* MNEffect.mm in Sources */ = {isa = PBXBuildFile; fileRef = CAA99D4D15C05CE6002B85D2 /* MNEffect.mm */; };
		CAA99D5815C06A17002B85D2 /* MNEffect.mm in Sources */ = {isa = PBXBuildFile; fileRef = CAA99D4D15C05CE6002B85D2 /* MNEffect.mm */; };
		CAA99D6015C078D7002B85D2 /* MNUtility.mm in Sources */ = {isa = PBXBuildFile; fileRef = CAA99D5F15C078D7002B85D2 /* MNUtility.mm */; };
		CAA99D8915C1AFD1002B85D2 /* StandardEnvironment.mm in Sources */ = {isa = PBXBuildFile; fileRef = CAA99D8815C1AFD0002B85D2 /* StandardEnvironment.mm */; };
		CABD557C1603338700023742 /* MNMenuView.mm in Sources */ = {isa = PBXBuildFile; fileRef = CABD557B1603338700023742 /* MNMenuView.mm */; };
		CABD5583160712A600023742 /* ButtonReset.png in Resources */ = {isa = PBXBuildFile; fileRef = CABD5581160712A600023742 /* ButtonReset.png */; };
		CABD5584160712A600023742 /* ButtonReset@2x.png in Resources */ = {isa = PBXBuildFile; fileRef = CABD5582160712A600023742 /* ButtonReset@2x.png */; };
		CABD5587160712B000023742 /* ButtonChangeBackground.png in Resources */ = {isa = PBXBuildFile; fileRef = CABD5585160712B000023742 /* ButtonChangeBackground.png */; };
		CABD5588160712B000023742 /* ButtonChangeBackground@2x.png in Resources */ = {isa = PBXBuildFile; fileRef = CABD5586160712B000023742 /* ButtonChangeBackground@2x.png */; };
		CABD559F1607313100023742 /* MNChangeBackgroundViewController.mm in Sources */ = {isa = PBXBuildFile; fileRef = CABD559E1607313100023742 /* MNChangeBackgroundViewController.mm */; };
		CABD55AE16073D4F00023742 /* Background1-Thumb.png in Resources */ = {isa = PBXBuildFile; fileRef = CABD55A216073D4F00023742 /* Background1-Thumb.png */; };
		CABD55AF16073D4F00023742 /* Background1-Thumb@2x.png in Resources */ = {isa = PBXBuildFile; fileRef = CABD55A316073D4F00023742 /* Background1-Thumb@2x.png */; };
		CABD55B016073D4F00023742 /* Background1.png in Resources */ = {isa = PBXBuildFile; fileRef = CABD55A416073D4F00023742 /* Background1.png */; };
		CABD55B116073D4F00023742 /* Background1@2x.png in Resources */ = {isa = PBXBuildFile; fileRef = CABD55A516073D4F00023742 /* Background1@2x.png */; };
		CABD55B216073D4F00023742 /* Background2-Thumb.png in Resources */ = {isa = PBXBuildFile; fileRef = CABD55A616073D4F00023742 /* Background2-Thumb.png */; };
		CABD55B316073D4F00023742 /* Background2-Thumb@2x.png in Resources */ = {isa = PBXBuildFile; fileRef = CABD55A716073D4F00023742 /* Background2-Thumb@2x.png */; };
		CABD55B416073D4F00023742 /* Background2.png in Resources */ = {isa = PBXBuildFile; fileRef = CABD55A816073D4F00023742 /* Background2.png */; };
		CABD55B516073D4F00023742 /* Background2@2x.png in Resources */ = {isa = PBXBuildFile; fileRef = CABD55A916073D4F00023742 /* Background2@2x.png */; };
		CABD55B616073D4F00023742 /* Background3-Thumb.png in Resources */ = {isa = PBXBuildFile; fileRef = CABD55AA16073D4F00023742 /* Background3-Thumb.png */; };
		CABD55B716073D4F00023742 /* Background3-Thumb@2x.png in Resources */ = {isa = PBXBuildFile; fileRef = CABD55AB16073D4F00023742 /* Background3-Thumb@2x.png */; };
		CABD55B816073D4F00023742 /* Background3.png in Resources */ = {isa = PBXBuildFile; fileRef = CABD55AC16073D4F00023742 /* Background3.png */; };
		CABD55B916073D4F00023742 /* Background3@2x.png in Resources */ = {isa = PBXBuildFile; fileRef = CABD55AD16073D4F00023742 /* Background3@2x.png */; };
		CABD55BE160741A800023742 /* Background4-Thumb.png in Resources */ = {isa = PBXBuildFile; fileRef = CABD55BA160741A800023742 /* Background4-Thumb.png */; };
		CABD55BF160741A800023742 /* Background4-Thumb@2x.png in Resources */ = {isa = PBXBuildFile; fileRef = CABD55BB160741A800023742 /* Background4-Thumb@2x.png */; };
		CABD55C0160741A800023742 /* Background4.png in Resources */ = {isa = PBXBuildFile; fileRef = CABD55BC160741A800023742 /* Background4.png */; };
		CABD55C1160741A800023742 /* Background4@2x.png in Resources */ = {isa = PBXBuildFile; fileRef = CABD55BD160741A800023742 /* Background4@2x.png */; };
		CABD55C61607446300023742 /* Background5-Thumb.png in Resources */ = {isa = PBXBuildFile; fileRef = CABD55C21607446300023742 /* Background5-Thumb.png */; };
		CABD55C71607446300023742 /* Background5-Thumb@2x.png in Resources */ = {isa = PBXBuildFile; fileRef = CABD55C31607446300023742 /* Background5-Thumb@2x.png */; };
		CABD55C81607446300023742 /* Background5.png in Resources */ = {isa = PBXBuildFile; fileRef = CABD55C41607446300023742 /* Background5.png */; };
		CABD55C91607446300023742 /* Background5@2x.png in Resources */ = {isa = PBXBuildFile; fileRef = CABD55C51607446300023742 /* Background5@2x.png */; };
		CABD55D016089AE200023742 /* BackgroundCamera-Thumb.png in Resources */ = {isa = PBXBuildFile; fileRef = CABD55CE16089AE200023742 /* BackgroundCamera-Thumb.png */; };
		CABD55D116089AE200023742 /* BackgroundCamera-Thumb@2x.png in Resources */ = {isa = PBXBuildFile; fileRef = CABD55CF16089AE200023742 /* BackgroundCamera-Thumb@2x.png */; };
		CAC53B0D15E1DABD008DD063 /* Localizable.strings in Resources */ = {isa = PBXBuildFile; fileRef = CAC53B0F15E1DABD008DD063 /* Localizable.strings */; };
		CAC53B2415E23116008DD063 /* Default.png in Resources */ = {isa = PBXBuildFile; fileRef = CAC53B2215E23116008DD063 /* Default.png */; };
		CAC53B2515E23116008DD063 /* Default@2x.png in Resources */ = {isa = PBXBuildFile; fileRef = CAC53B2315E23116008DD063 /* Default@2x.png */; };
		CAC53B3115E2387A008DD063 /* Icon-Small-50.png in Resources */ = {isa = PBXBuildFile; fileRef = CAC53B2B15E23879008DD063 /* Icon-Small-50.png */; };
		CAC53B3215E2387A008DD063 /* Icon-Small.png in Resources */ = {isa = PBXBuildFile; fileRef = CAC53B2C15E23879008DD063 /* Icon-Small.png */; };
		CAC53B3315E2387A008DD063 /* Icon-Small@2x.png in Resources */ = {isa = PBXBuildFile; fileRef = CAC53B2D15E23879008DD063 /* Icon-Small@2x.png */; };
		CAC53B4015E23925008DD063 /* Icon.png in Resources */ = {isa = PBXBuildFile; fileRef = CAC53B3F15E23925008DD063 /* Icon.png */; };
		CAC53B4215E2392B008DD063 /* Icon@2x.png in Resources */ = {isa = PBXBuildFile; fileRef = CAC53B4115E2392B008DD063 /* Icon@2x.png */; };
		CAC53B4415E2394B008DD063 /* Icon-72.png in Resources */ = {isa = PBXBuildFile; fileRef = CAC53B4315E2394B008DD063 /* Icon-72.png */; };
		CAC53B4815E23998008DD063 /* Icon-72@2x.png in Resources */ = {isa = PBXBuildFile; fileRef = CAC53B4715E23998008DD063 /* Icon-72@2x.png */; };
		CAC53B4B15E23C4B008DD063 /* Default-Portrait@2x~ipad.png in Resources */ = {isa = PBXBuildFile; fileRef = CAC53B4915E23C4B008DD063 /* Default-Portrait@2x~ipad.png */; };
		CAC53B4C15E23C4B008DD063 /* Default-Portrait~ipad.png in Resources */ = {isa = PBXBuildFile; fileRef = CAC53B4A15E23C4B008DD063 /* Default-Portrait~ipad.png */; };
		CACAD41B167A530400CB51FC /* libJuiz.a in Frameworks */ = {isa = PBXBuildFile; fileRef = CACAD416167A52D100CB51FC /* libJuiz.a */; };
		CAF14ABC15BC95F9000AD7A8 /* MNGLResources.mm in Sources */ = {isa = PBXBuildFile; fileRef = CAF14ABB15BC95F9000AD7A8 /* MNGLResources.mm */; };
		CAF14ACA15BD35D0000AD7A8 /* JZGLView.mm in Sources */ = {isa = PBXBuildFile; fileRef = CAF14AC915BD35D0000AD7A8 /* JZGLView.mm */; };
		CAF14ACE15BD46D6000AD7A8 /* JZSceneDirector.mm in Sources */ = {isa = PBXBuildFile; fileRef = CAF14ACD15BD46D6000AD7A8 /* JZSceneDirector.mm */; };
		CAF14AD115BD4D88000AD7A8 /* MNGLView.mm in Sources */ = {isa = PBXBuildFile; fileRef = CAF14AD015BD4D88000AD7A8 /* MNGLView.mm */; };
		CAF14AD715BD53AE000AD7A8 /* MNFieldScene.mm in Sources */ = {isa = PBXBuildFile; fileRef = CAF14AD615BD53AE000AD7A8 /* MNFieldScene.mm */; };
		CAF14ADA15BDDDAD000AD7A8 /* JZGLArrayBuffer.mm in Sources */ = {isa = PBXBuildFile; fileRef = CAF14AD915BDDDAC000AD7A8 /* JZGLArrayBuffer.mm */; };
		CAF14AE015BE48C2000AD7A8 /* JZGLSprite.mm in Sources */ = {isa = PBXBuildFile; fileRef = CAF14ADF15BE48C2000AD7A8 /* JZGLSprite.mm */; };
		CAF14AE315BE6C34000AD7A8 /* MNSceneDirector.mm in Sources */ = {isa = PBXBuildFile; fileRef = CAF14AE215BE6C34000AD7A8 /* MNSceneDirector.mm */; };
		CAF27A6615CA84C400CC6E19 /* CellActionMakeMoon.mm in Sources */ = {isa = PBXBuildFile; fileRef = CAF27A6515CA84C400CC6E19 /* CellActionMakeMoon.mm */; };
		CAF27A6D15D0615800CC6E19 /* CellActionMakeTracer.mm in Sources */ = {isa = PBXBuildFile; fileRef = CAF27A6C15D0615800CC6E19 /* CellActionMakeTracer.mm */; };
		CAF4F96715C1BD020018353B /* MNCellDieEffect.mm in Sources */ = {isa = PBXBuildFile; fileRef = CAF4F96615C1BD020018353B /* MNCellDieEffect.mm */; };
		CAF4F96F15C1D2DC0018353B /* MNCellDieEffect.mm in Sources */ = {isa = PBXBuildFile; fileRef = CAF4F96615C1BD020018353B /* MNCellDieEffect.mm */; };
		CAF4F98215C20D7A0018353B /* CellFamily.mm in Sources */ = {isa = PBXBuildFile; fileRef = CAF4F98115C20D790018353B /* CellFamily.mm */; };
/* End PBXBuildFile section */

/* Begin PBXContainerItemProxy section */
		CA8BF7D815BC8B2900B7B572 /* PBXContainerItemProxy */ = {
			isa = PBXContainerItemProxy;
			containerPortal = CA8BF7AF15BC8B2800B7B572 /* Project object */;
			proxyType = 1;
			remoteGlobalIDString = CA8BF7B715BC8B2900B7B572;
			remoteInfo = Muni;
		};
		CACAD415167A52D100CB51FC /* PBXContainerItemProxy */ = {
			isa = PBXContainerItemProxy;
			containerPortal = CACAD40D167A52D100CB51FC /* Juiz.xcodeproj */;
			proxyType = 2;
			remoteGlobalIDString = CA89370116645D23003E855C;
			remoteInfo = Juiz;
		};
		CACAD417167A52D100CB51FC /* PBXContainerItemProxy */ = {
			isa = PBXContainerItemProxy;
			containerPortal = CACAD40D167A52D100CB51FC /* Juiz.xcodeproj */;
			proxyType = 2;
			remoteGlobalIDString = CA89371216645D24003E855C;
			remoteInfo = JuizTests;
		};
		CACAD419167A52FD00CB51FC /* PBXContainerItemProxy */ = {
			isa = PBXContainerItemProxy;
			containerPortal = CACAD40D167A52D100CB51FC /* Juiz.xcodeproj */;
			proxyType = 1;
			remoteGlobalIDString = CA89370016645D23003E855C;
			remoteInfo = Juiz;
		};
/* End PBXContainerItemProxy section */

/* Begin PBXFileReference section */
		CA02DC7D15C261B90070B1F5 /* CellScanningResult.h */ = {isa = PBXFileReference; fileEncoding = 4; lastKnownFileType = sourcecode.c.h; name = CellScanningResult.h; path = Logic/CellScanningResult.h; sourceTree = "<group>"; };
		CA02DC7E15C261B90070B1F5 /* CellScanningResult.mm */ = {isa = PBXFileReference; fileEncoding = 4; lastKnownFileType = sourcecode.cpp.objcpp; name = CellScanningResult.mm; path = Logic/CellScanningResult.mm; sourceTree = "<group>"; };
		CA02DC8515C423D80070B1F5 /* CellAction.h */ = {isa = PBXFileReference; fileEncoding = 4; lastKnownFileType = sourcecode.c.h; name = CellAction.h; path = Logic/CellAction/CellAction.h; sourceTree = "<group>"; };
		CA02DC8615C423D80070B1F5 /* CellAction.mm */ = {isa = PBXFileReference; fileEncoding = 4; lastKnownFileType = sourcecode.cpp.objcpp; name = CellAction.mm; path = Logic/CellAction/CellAction.mm; sourceTree = "<group>"; };
		CA02DC8B15C44E8B0070B1F5 /* MNCell.h */ = {isa = PBXFileReference; lastKnownFileType = sourcecode.c.h; name = MNCell.h; path = Logic/MNCell.h; sourceTree = "<group>"; };
		CA02DC8C15C458B80070B1F5 /* CellActionMultiply.h */ = {isa = PBXFileReference; fileEncoding = 4; lastKnownFileType = sourcecode.c.h; name = CellActionMultiply.h; path = Logic/CellAction/CellActionMultiply.h; sourceTree = "<group>"; };
		CA02DC8D15C458B80070B1F5 /* CellActionMultiply.mm */ = {isa = PBXFileReference; fileEncoding = 4; lastKnownFileType = sourcecode.cpp.objcpp; name = CellActionMultiply.mm; path = Logic/CellAction/CellActionMultiply.mm; sourceTree = "<group>"; };
		CA02DC9115C47FE20070B1F5 /* CellMoveImmovable.h */ = {isa = PBXFileReference; fileEncoding = 4; lastKnownFileType = sourcecode.c.h; name = CellMoveImmovable.h; path = Logic/CellAction/CellMove/CellMoveImmovable.h; sourceTree = "<group>"; };
		CA02DC9215C47FE20070B1F5 /* CellMoveImmovable.mm */ = {isa = PBXFileReference; fileEncoding = 4; lastKnownFileType = sourcecode.cpp.objcpp; name = CellMoveImmovable.mm; path = Logic/CellAction/CellMove/CellMoveImmovable.mm; sourceTree = "<group>"; };
		CA02DC9315C47FE20070B1F5 /* CellMoveFloat.h */ = {isa = PBXFileReference; fileEncoding = 4; lastKnownFileType = sourcecode.c.h; name = CellMoveFloat.h; path = Logic/CellAction/CellMove/CellMoveFloat.h; sourceTree = "<group>"; };
		CA02DC9415C47FE20070B1F5 /* CellMoveFloat.mm */ = {isa = PBXFileReference; fileEncoding = 4; lastKnownFileType = sourcecode.cpp.objcpp; name = CellMoveFloat.mm; path = Logic/CellAction/CellMove/CellMoveFloat.mm; sourceTree = "<group>"; };
		CA02DC9515C47FE20070B1F5 /* CellMoveRandomWalk.h */ = {isa = PBXFileReference; fileEncoding = 4; lastKnownFileType = sourcecode.c.h; name = CellMoveRandomWalk.h; path = Logic/CellAction/CellMove/CellMoveRandomWalk.h; sourceTree = "<group>"; };
		CA02DC9615C47FE20070B1F5 /* CellMoveRandomWalk.mm */ = {isa = PBXFileReference; fileEncoding = 4; lastKnownFileType = sourcecode.cpp.objcpp; name = CellMoveRandomWalk.mm; path = Logic/CellAction/CellMove/CellMoveRandomWalk.mm; sourceTree = "<group>"; };
		CA02DC9715C47FE20070B1F5 /* CellMoveApproachTarget.h */ = {isa = PBXFileReference; fileEncoding = 4; lastKnownFileType = sourcecode.c.h; name = CellMoveApproachTarget.h; path = Logic/CellAction/CellMove/CellMoveApproachTarget.h; sourceTree = "<group>"; };
		CA2C3D3315CA5F20003E1299 /* CellMoveWithNearestTarget.h */ = {isa = PBXFileReference; fileEncoding = 4; lastKnownFileType = sourcecode.c.h; name = CellMoveWithNearestTarget.h; path = Logic/CellAction/CellMove/CellMoveWithNearestTarget.h; sourceTree = "<group>"; };
		CA2C3D3915CA6544003E1299 /* CellMoveEscape.h */ = {isa = PBXFileReference; fileEncoding = 4; lastKnownFileType = sourcecode.c.h; name = CellMoveEscape.h; path = Logic/CellAction/CellMove/CellMoveEscape.h; sourceTree = "<group>"; };
		CA2C3D3F15CA6943003E1299 /* CellMoveMoon.h */ = {isa = PBXFileReference; fileEncoding = 4; lastKnownFileType = sourcecode.c.h; name = CellMoveMoon.h; path = Logic/CellAction/CellMove/CellMoveMoon.h; sourceTree = "<group>"; };
		CA69105E174148CF00BAE086 /* CellMoveWithTarget.mm */ = {isa = PBXFileReference; fileEncoding = 4; lastKnownFileType = sourcecode.cpp.objcpp; name = CellMoveWithTarget.mm; path = Logic/CellAction/CellMove/CellMoveWithTarget.mm; sourceTree = "<group>"; };
		CA6910601741498500BAE086 /* CellMoveApproachNearestTarget.mm */ = {isa = PBXFileReference; fileEncoding = 4; lastKnownFileType = sourcecode.cpp.objcpp; name = CellMoveApproachNearestTarget.mm; path = Logic/CellAction/CellMove/CellMoveApproachNearestTarget.mm; sourceTree = "<group>"; };
		CA691062174149D900BAE086 /* CellMoveApproachTarget.mm */ = {isa = PBXFileReference; fileEncoding = 4; lastKnownFileType = sourcecode.cpp.objcpp; name = CellMoveApproachTarget.mm; path = Logic/CellAction/CellMove/CellMoveApproachTarget.mm; sourceTree = "<group>"; };
		CA69106417414A7700BAE086 /* CellMoveWithNearestTarget.mm */ = {isa = PBXFileReference; fileEncoding = 4; lastKnownFileType = sourcecode.cpp.objcpp; name = CellMoveWithNearestTarget.mm; path = Logic/CellAction/CellMove/CellMoveWithNearestTarget.mm; sourceTree = "<group>"; };
		CA69106617414BA300BAE086 /* CellMoveEscape.mm */ = {isa = PBXFileReference; fileEncoding = 4; lastKnownFileType = sourcecode.cpp.objcpp; name = CellMoveEscape.mm; path = Logic/CellAction/CellMove/CellMoveEscape.mm; sourceTree = "<group>"; };
		CA69106817414DBC00BAE086 /* CellMoveMoon.mm */ = {isa = PBXFileReference; fileEncoding = 4; lastKnownFileType = sourcecode.cpp.objcpp; name = CellMoveMoon.mm; path = Logic/CellAction/CellMove/CellMoveMoon.mm; sourceTree = "<group>"; };
		CA69106A17414E2100BAE086 /* CellMoveTraceTarget.mm */ = {isa = PBXFileReference; fileEncoding = 4; lastKnownFileType = sourcecode.cpp.objcpp; name = CellMoveTraceTarget.mm; path = Logic/CellAction/CellMove/CellMoveTraceTarget.mm; sourceTree = "<group>"; };
		CA69106C17414EA300BAE086 /* CellActionConditional.mm */ = {isa = PBXFileReference; fileEncoding = 4; lastKnownFileType = sourcecode.cpp.objcpp; name = CellActionConditional.mm; path = Logic/CellAction/CellActionConditional.mm; sourceTree = "<group>"; };
		CA7F4CD5160E99DC000C75B0 /* MNResetScene.h */ = {isa = PBXFileReference; fileEncoding = 4; lastKnownFileType = sourcecode.c.h; name = MNResetScene.h; path = Scene/MNResetScene.h; sourceTree = "<group>"; };
		CA7F4CD6160E99DC000C75B0 /* MNResetScene.mm */ = {isa = PBXFileReference; fileEncoding = 4; lastKnownFileType = sourcecode.cpp.objcpp; name = MNResetScene.mm; path = Scene/MNResetScene.mm; sourceTree = "<group>"; };
		CA7F4CD8160E9ADA000C75B0 /* MNSceneHandler.h */ = {isa = PBXFileReference; lastKnownFileType = sourcecode.c.h; name = MNSceneHandler.h; path = Scene/MNSceneHandler.h; sourceTree = "<group>"; };
		CA7F4CD9160E9FC1000C75B0 /* ButtonSettings.png */ = {isa = PBXFileReference; lastKnownFileType = image.png; name = ButtonSettings.png; path = ../images/ButtonSettings.png; sourceTree = "<group>"; };
		CA7F4CDA160E9FC1000C75B0 /* ButtonSettings@2x.png */ = {isa = PBXFileReference; lastKnownFileType = image.png; name = "ButtonSettings@2x.png"; path = "../images/ButtonSettings@2x.png"; sourceTree = "<group>"; };
		CA7F4CE0161D1412000C75B0 /* CellActionConditional.h */ = {isa = PBXFileReference; fileEncoding = 4; lastKnownFileType = sourcecode.c.h; name = CellActionConditional.h; path = Logic/CellAction/CellActionConditional.h; sourceTree = "<group>"; };
		CA8BF7B815BC8B2900B7B572 /* Muni.app */ = {isa = PBXFileReference; explicitFileType = wrapper.application; includeInIndex = 0; path = Muni.app; sourceTree = BUILT_PRODUCTS_DIR; };
		CA8BF7BC15BC8B2900B7B572 /* UIKit.framework */ = {isa = PBXFileReference; lastKnownFileType = wrapper.framework; name = UIKit.framework; path = System/Library/Frameworks/UIKit.framework; sourceTree = SDKROOT; };
		CA8BF7BE15BC8B2900B7B572 /* Foundation.framework */ = {isa = PBXFileReference; lastKnownFileType = wrapper.framework; name = Foundation.framework; path = System/Library/Frameworks/Foundation.framework; sourceTree = SDKROOT; };
		CA8BF7C015BC8B2900B7B572 /* CoreGraphics.framework */ = {isa = PBXFileReference; lastKnownFileType = wrapper.framework; name = CoreGraphics.framework; path = System/Library/Frameworks/CoreGraphics.framework; sourceTree = SDKROOT; };
		CA8BF7C415BC8B2900B7B572 /* Muni-Info.plist */ = {isa = PBXFileReference; lastKnownFileType = text.plist.xml; path = "Muni-Info.plist"; sourceTree = "<group>"; };
		CA8BF7C615BC8B2900B7B572 /* en */ = {isa = PBXFileReference; lastKnownFileType = text.plist.strings; name = en; path = en.lproj/InfoPlist.strings; sourceTree = "<group>"; };
		CA8BF7C815BC8B2900B7B572 /* main.mm */ = {isa = PBXFileReference; lastKnownFileType = sourcecode.cpp.objcpp; path = main.mm; sourceTree = "<group>"; };
		CA8BF7CA15BC8B2900B7B572 /* Muni-Prefix.pch */ = {isa = PBXFileReference; lastKnownFileType = sourcecode.c.h; path = "Muni-Prefix.pch"; sourceTree = "<group>"; };
		CA8BF7CB15BC8B2900B7B572 /* MNAppDelegate.h */ = {isa = PBXFileReference; lastKnownFileType = sourcecode.c.h; path = MNAppDelegate.h; sourceTree = "<group>"; };
		CA8BF7CC15BC8B2900B7B572 /* MNAppDelegate.mm */ = {isa = PBXFileReference; lastKnownFileType = sourcecode.cpp.objcpp; path = MNAppDelegate.mm; sourceTree = "<group>"; };
		CA8BF7D315BC8B2900B7B572 /* MuniTests.octest */ = {isa = PBXFileReference; explicitFileType = wrapper.cfbundle; includeInIndex = 0; path = MuniTests.octest; sourceTree = BUILT_PRODUCTS_DIR; };
		CA8BF7D415BC8B2900B7B572 /* SenTestingKit.framework */ = {isa = PBXFileReference; lastKnownFileType = wrapper.framework; name = SenTestingKit.framework; path = Library/Frameworks/SenTestingKit.framework; sourceTree = DEVELOPER_DIR; };
		CA8BF7DC15BC8B2900B7B572 /* MuniTests-Info.plist */ = {isa = PBXFileReference; lastKnownFileType = text.plist.xml; path = "MuniTests-Info.plist"; sourceTree = "<group>"; };
		CA8BF7DE15BC8B2900B7B572 /* en */ = {isa = PBXFileReference; lastKnownFileType = text.plist.strings; name = en; path = en.lproj/InfoPlist.strings; sourceTree = "<group>"; };
		CA8BF7E015BC8B2900B7B572 /* MuniTests.h */ = {isa = PBXFileReference; lastKnownFileType = sourcecode.c.h; path = MuniTests.h; sourceTree = "<group>"; };
		CA8BF7E115BC8B2900B7B572 /* MuniTests.m */ = {isa = PBXFileReference; lastKnownFileType = sourcecode.c.objc; path = MuniTests.m; sourceTree = "<group>"; };
		CA8BF7EF15BC8B6100B7B572 /* OpenGLES.framework */ = {isa = PBXFileReference; lastKnownFileType = wrapper.framework; name = OpenGLES.framework; path = System/Library/Frameworks/OpenGLES.framework; sourceTree = SDKROOT; };
		CA8BF7F115BC8B6700B7B572 /* QuartzCore.framework */ = {isa = PBXFileReference; lastKnownFileType = wrapper.framework; name = QuartzCore.framework; path = System/Library/Frameworks/QuartzCore.framework; sourceTree = SDKROOT; };
		CA8BF7F415BC8C1A00B7B572 /* MNMainViewController.h */ = {isa = PBXFileReference; fileEncoding = 4; lastKnownFileType = sourcecode.c.h; name = MNMainViewController.h; path = UI/MNMainViewController.h; sourceTree = "<group>"; };
		CA8BF7F515BC8C1A00B7B572 /* MNMainViewController.mm */ = {isa = PBXFileReference; fileEncoding = 4; lastKnownFileType = sourcecode.cpp.objcpp; name = MNMainViewController.mm; path = UI/MNMainViewController.mm; sourceTree = "<group>"; };
		CA8BF7F615BC8C1A00B7B572 /* MNMainViewController_iPad.xib */ = {isa = PBXFileReference; fileEncoding = 4; lastKnownFileType = file.xib; name = MNMainViewController_iPad.xib; path = UI/MNMainViewController_iPad.xib; sourceTree = "<group>"; };
		CA8BF7FB15BC8C7D00B7B572 /* MNMainViewController_iPhone.xib */ = {isa = PBXFileReference; fileEncoding = 4; lastKnownFileType = file.xib; name = MNMainViewController_iPhone.xib; path = UI/MNMainViewController_iPhone.xib; sourceTree = "<group>"; };
		CA8BF80215BC8FC900B7B572 /* MNStandardCell.h */ = {isa = PBXFileReference; fileEncoding = 4; lastKnownFileType = sourcecode.c.h; name = MNStandardCell.h; path = Logic/MNStandardCell.h; sourceTree = "<group>"; };
		CA8BF80315BC8FC900B7B572 /* MNStandardCell.mm */ = {isa = PBXFileReference; fileEncoding = 4; lastKnownFileType = sourcecode.cpp.objcpp; name = MNStandardCell.mm; path = Logic/MNStandardCell.mm; sourceTree = "<group>"; };
		CA8BF80815BC90A600B7B572 /* Field.h */ = {isa = PBXFileReference; fileEncoding = 4; lastKnownFileType = sourcecode.c.h; name = Field.h; path = Logic/Field.h; sourceTree = "<group>"; };
		CA8BF80915BC90A600B7B572 /* Field.mm */ = {isa = PBXFileReference; fileEncoding = 4; lastKnownFileType = sourcecode.cpp.objcpp; name = Field.mm; path = Logic/Field.mm; sourceTree = "<group>"; };
		CA8BF80D15BC941E00B7B572 /* JZGLTexture.h */ = {isa = PBXFileReference; fileEncoding = 4; lastKnownFileType = sourcecode.c.h; name = JZGLTexture.h; path = Juiz/OpenGLES/JZGLTexture.h; sourceTree = "<group>"; };
		CA8BF80E15BC941E00B7B572 /* JZGLTexture.mm */ = {isa = PBXFileReference; fileEncoding = 4; lastKnownFileType = sourcecode.cpp.objcpp; name = JZGLTexture.mm; path = Juiz/OpenGLES/JZGLTexture.mm; sourceTree = "<group>"; };
		CAA99D4C15C05CE6002B85D2 /* MNEffect.h */ = {isa = PBXFileReference; fileEncoding = 4; lastKnownFileType = sourcecode.c.h; name = MNEffect.h; path = Scene/Effect/MNEffect.h; sourceTree = "<group>"; };
		CAA99D4D15C05CE6002B85D2 /* MNEffect.mm */ = {isa = PBXFileReference; fileEncoding = 4; lastKnownFileType = sourcecode.cpp.objcpp; name = MNEffect.mm; path = Scene/Effect/MNEffect.mm; sourceTree = "<group>"; };
		CAA99D5E15C078D7002B85D2 /* MNUtility.h */ = {isa = PBXFileReference; fileEncoding = 4; lastKnownFileType = sourcecode.c.h; name = MNUtility.h; path = Utility/MNUtility.h; sourceTree = "<group>"; };
		CAA99D5F15C078D7002B85D2 /* MNUtility.mm */ = {isa = PBXFileReference; fileEncoding = 4; lastKnownFileType = sourcecode.cpp.objcpp; name = MNUtility.mm; path = Utility/MNUtility.mm; sourceTree = "<group>"; };
		CAA99D8715C1AFCF002B85D2 /* StandardEnvironment.h */ = {isa = PBXFileReference; fileEncoding = 4; lastKnownFileType = sourcecode.c.h; name = StandardEnvironment.h; path = Logic/StandardEnvironment.h; sourceTree = "<group>"; };
		CAA99D8815C1AFD0002B85D2 /* StandardEnvironment.mm */ = {isa = PBXFileReference; fileEncoding = 4; lastKnownFileType = sourcecode.cpp.objcpp; name = StandardEnvironment.mm; path = Logic/StandardEnvironment.mm; sourceTree = "<group>"; };
		CAA99D8A15C1B4C3002B85D2 /* Environment.h */ = {isa = PBXFileReference; lastKnownFileType = sourcecode.c.h; name = Environment.h; path = Logic/Environment.h; sourceTree = "<group>"; };
		CABD557A1603338700023742 /* MNMenuView.h */ = {isa = PBXFileReference; fileEncoding = 4; lastKnownFileType = sourcecode.c.h; name = MNMenuView.h; path = UI/MNMenuView.h; sourceTree = "<group>"; };
		CABD557B1603338700023742 /* MNMenuView.mm */ = {isa = PBXFileReference; fileEncoding = 4; lastKnownFileType = sourcecode.cpp.objcpp; name = MNMenuView.mm; path = UI/MNMenuView.mm; sourceTree = "<group>"; };
		CABD5581160712A600023742 /* ButtonReset.png */ = {isa = PBXFileReference; lastKnownFileType = image.png; name = ButtonReset.png; path = ../images/ButtonReset.png; sourceTree = "<group>"; };
		CABD5582160712A600023742 /* ButtonReset@2x.png */ = {isa = PBXFileReference; lastKnownFileType = image.png; name = "ButtonReset@2x.png"; path = "../images/ButtonReset@2x.png"; sourceTree = "<group>"; };
		CABD5585160712B000023742 /* ButtonChangeBackground.png */ = {isa = PBXFileReference; lastKnownFileType = image.png; name = ButtonChangeBackground.png; path = ../images/ButtonChangeBackground.png; sourceTree = "<group>"; };
		CABD5586160712B000023742 /* ButtonChangeBackground@2x.png */ = {isa = PBXFileReference; lastKnownFileType = image.png; name = "ButtonChangeBackground@2x.png"; path = "../images/ButtonChangeBackground@2x.png"; sourceTree = "<group>"; };
		CABD558C16071E7600023742 /* CellMoveApproachNearestTarget.h */ = {isa = PBXFileReference; fileEncoding = 4; lastKnownFileType = sourcecode.c.h; name = CellMoveApproachNearestTarget.h; path = Logic/CellAction/CellMove/CellMoveApproachNearestTarget.h; sourceTree = "<group>"; };
		CABD558E16071E7700023742 /* CellMoveWithTarget.h */ = {isa = PBXFileReference; fileEncoding = 4; lastKnownFileType = sourcecode.c.h; name = CellMoveWithTarget.h; path = Logic/CellAction/CellMove/CellMoveWithTarget.h; sourceTree = "<group>"; };
		CABD559D1607313100023742 /* MNChangeBackgroundViewController.h */ = {isa = PBXFileReference; fileEncoding = 4; lastKnownFileType = sourcecode.c.h; name = MNChangeBackgroundViewController.h; path = UI/MNChangeBackgroundViewController.h; sourceTree = "<group>"; };
		CABD559E1607313100023742 /* MNChangeBackgroundViewController.mm */ = {isa = PBXFileReference; fileEncoding = 4; lastKnownFileType = sourcecode.cpp.objcpp; name = MNChangeBackgroundViewController.mm; path = UI/MNChangeBackgroundViewController.mm; sourceTree = "<group>"; };
		CABD55A216073D4F00023742 /* Background1-Thumb.png */ = {isa = PBXFileReference; lastKnownFileType = image.png; name = "Background1-Thumb.png"; path = "../images/Background/Background1-Thumb.png"; sourceTree = "<group>"; };
		CABD55A316073D4F00023742 /* Background1-Thumb@2x.png */ = {isa = PBXFileReference; lastKnownFileType = image.png; name = "Background1-Thumb@2x.png"; path = "../images/Background/Background1-Thumb@2x.png"; sourceTree = "<group>"; };
		CABD55A416073D4F00023742 /* Background1.png */ = {isa = PBXFileReference; lastKnownFileType = image.png; name = Background1.png; path = ../images/Background/Background1.png; sourceTree = "<group>"; };
		CABD55A516073D4F00023742 /* Background1@2x.png */ = {isa = PBXFileReference; lastKnownFileType = image.png; name = "Background1@2x.png"; path = "../images/Background/Background1@2x.png"; sourceTree = "<group>"; };
		CABD55A616073D4F00023742 /* Background2-Thumb.png */ = {isa = PBXFileReference; lastKnownFileType = image.png; name = "Background2-Thumb.png"; path = "../images/Background/Background2-Thumb.png"; sourceTree = "<group>"; };
		CABD55A716073D4F00023742 /* Background2-Thumb@2x.png */ = {isa = PBXFileReference; lastKnownFileType = image.png; name = "Background2-Thumb@2x.png"; path = "../images/Background/Background2-Thumb@2x.png"; sourceTree = "<group>"; };
		CABD55A816073D4F00023742 /* Background2.png */ = {isa = PBXFileReference; lastKnownFileType = image.png; name = Background2.png; path = ../images/Background/Background2.png; sourceTree = "<group>"; };
		CABD55A916073D4F00023742 /* Background2@2x.png */ = {isa = PBXFileReference; lastKnownFileType = image.png; name = "Background2@2x.png"; path = "../images/Background/Background2@2x.png"; sourceTree = "<group>"; };
		CABD55AA16073D4F00023742 /* Background3-Thumb.png */ = {isa = PBXFileReference; lastKnownFileType = image.png; name = "Background3-Thumb.png"; path = "../images/Background/Background3-Thumb.png"; sourceTree = "<group>"; };
		CABD55AB16073D4F00023742 /* Background3-Thumb@2x.png */ = {isa = PBXFileReference; lastKnownFileType = image.png; name = "Background3-Thumb@2x.png"; path = "../images/Background/Background3-Thumb@2x.png"; sourceTree = "<group>"; };
		CABD55AC16073D4F00023742 /* Background3.png */ = {isa = PBXFileReference; lastKnownFileType = image.png; name = Background3.png; path = ../images/Background/Background3.png; sourceTree = "<group>"; };
		CABD55AD16073D4F00023742 /* Background3@2x.png */ = {isa = PBXFileReference; lastKnownFileType = image.png; name = "Background3@2x.png"; path = "../images/Background/Background3@2x.png"; sourceTree = "<group>"; };
		CABD55BA160741A800023742 /* Background4-Thumb.png */ = {isa = PBXFileReference; lastKnownFileType = image.png; name = "Background4-Thumb.png"; path = "../images/Background/Background4-Thumb.png"; sourceTree = "<group>"; };
		CABD55BB160741A800023742 /* Background4-Thumb@2x.png */ = {isa = PBXFileReference; lastKnownFileType = image.png; name = "Background4-Thumb@2x.png"; path = "../images/Background/Background4-Thumb@2x.png"; sourceTree = "<group>"; };
		CABD55BC160741A800023742 /* Background4.png */ = {isa = PBXFileReference; lastKnownFileType = image.png; name = Background4.png; path = ../images/Background/Background4.png; sourceTree = "<group>"; };
		CABD55BD160741A800023742 /* Background4@2x.png */ = {isa = PBXFileReference; lastKnownFileType = image.png; name = "Background4@2x.png"; path = "../images/Background/Background4@2x.png"; sourceTree = "<group>"; };
		CABD55C21607446300023742 /* Background5-Thumb.png */ = {isa = PBXFileReference; lastKnownFileType = image.png; name = "Background5-Thumb.png"; path = "../images/Background/Background5-Thumb.png"; sourceTree = "<group>"; };
		CABD55C31607446300023742 /* Background5-Thumb@2x.png */ = {isa = PBXFileReference; lastKnownFileType = image.png; name = "Background5-Thumb@2x.png"; path = "../images/Background/Background5-Thumb@2x.png"; sourceTree = "<group>"; };
		CABD55C41607446300023742 /* Background5.png */ = {isa = PBXFileReference; lastKnownFileType = image.png; name = Background5.png; path = ../images/Background/Background5.png; sourceTree = "<group>"; };
		CABD55C51607446300023742 /* Background5@2x.png */ = {isa = PBXFileReference; lastKnownFileType = image.png; name = "Background5@2x.png"; path = "../images/Background/Background5@2x.png"; sourceTree = "<group>"; };
		CABD55CE16089AE200023742 /* BackgroundCamera-Thumb.png */ = {isa = PBXFileReference; lastKnownFileType = image.png; name = "BackgroundCamera-Thumb.png"; path = "../images/Background/BackgroundCamera-Thumb.png"; sourceTree = "<group>"; };
		CABD55CF16089AE200023742 /* BackgroundCamera-Thumb@2x.png */ = {isa = PBXFileReference; lastKnownFileType = image.png; name = "BackgroundCamera-Thumb@2x.png"; path = "../images/Background/BackgroundCamera-Thumb@2x.png"; sourceTree = "<group>"; };
		CAC53B0C15E1DAA5008DD063 /* ja */ = {isa = PBXFileReference; lastKnownFileType = text.plist.strings; name = ja; path = /Users/yuu/Development/nyampass/muni/iOS/Muni/MuniTests/ja.lproj/InfoPlist.strings; sourceTree = "<absolute>"; };
		CAC53B0E15E1DABD008DD063 /* en */ = {isa = PBXFileReference; lastKnownFileType = text.plist.strings; name = en; path = en.lproj/Localizable.strings; sourceTree = "<group>"; };
		CAC53B1015E1DAC5008DD063 /* ja */ = {isa = PBXFileReference; lastKnownFileType = text.plist.strings; name = ja; path = ja.lproj/Localizable.strings; sourceTree = "<group>"; };
		CAC53B2215E23116008DD063 /* Default.png */ = {isa = PBXFileReference; lastKnownFileType = image.png; name = Default.png; path = ../images/Default.png; sourceTree = "<group>"; };
		CAC53B2315E23116008DD063 /* Default@2x.png */ = {isa = PBXFileReference; lastKnownFileType = image.png; name = "Default@2x.png"; path = "../images/Default@2x.png"; sourceTree = "<group>"; };
		CAC53B2B15E23879008DD063 /* Icon-Small-50.png */ = {isa = PBXFileReference; lastKnownFileType = image.png; name = "Icon-Small-50.png"; path = "../images/Icon-Small-50.png"; sourceTree = "<group>"; };
		CAC53B2C15E23879008DD063 /* Icon-Small.png */ = {isa = PBXFileReference; lastKnownFileType = image.png; name = "Icon-Small.png"; path = "../images/Icon-Small.png"; sourceTree = "<group>"; };
		CAC53B2D15E23879008DD063 /* Icon-Small@2x.png */ = {isa = PBXFileReference; lastKnownFileType = image.png; name = "Icon-Small@2x.png"; path = "../images/Icon-Small@2x.png"; sourceTree = "<group>"; };
		CAC53B3F15E23925008DD063 /* Icon.png */ = {isa = PBXFileReference; lastKnownFileType = image.png; path = Icon.png; sourceTree = "<group>"; };
		CAC53B4115E2392B008DD063 /* Icon@2x.png */ = {isa = PBXFileReference; lastKnownFileType = image.png; path = "Icon@2x.png"; sourceTree = "<group>"; };
		CAC53B4315E2394B008DD063 /* Icon-72.png */ = {isa = PBXFileReference; lastKnownFileType = image.png; path = "Icon-72.png"; sourceTree = "<group>"; };
		CAC53B4715E23998008DD063 /* Icon-72@2x.png */ = {isa = PBXFileReference; lastKnownFileType = image.png; path = "Icon-72@2x.png"; sourceTree = "<group>"; };
		CAC53B4915E23C4B008DD063 /* Default-Portrait@2x~ipad.png */ = {isa = PBXFileReference; lastKnownFileType = image.png; name = "Default-Portrait@2x~ipad.png"; path = "../images/Default-Portrait@2x~ipad.png"; sourceTree = "<group>"; };
		CAC53B4A15E23C4B008DD063 /* Default-Portrait~ipad.png */ = {isa = PBXFileReference; lastKnownFileType = image.png; name = "Default-Portrait~ipad.png"; path = "../images/Default-Portrait~ipad.png"; sourceTree = "<group>"; };
		CACAD40D167A52D100CB51FC /* Juiz.xcodeproj */ = {isa = PBXFileReference; lastKnownFileType = "wrapper.pb-project"; name = Juiz.xcodeproj; path = Libraries/Juiz/Juiz.xcodeproj; sourceTree = "<group>"; };
		CAF14ABA15BC95F9000AD7A8 /* MNGLResources.h */ = {isa = PBXFileReference; fileEncoding = 4; lastKnownFileType = sourcecode.c.h; name = MNGLResources.h; path = UI/OpenGLES/MNGLResources.h; sourceTree = "<group>"; };
		CAF14ABB15BC95F9000AD7A8 /* MNGLResources.mm */ = {isa = PBXFileReference; fileEncoding = 4; lastKnownFileType = sourcecode.cpp.objcpp; name = MNGLResources.mm; path = UI/OpenGLES/MNGLResources.mm; sourceTree = "<group>"; };
		CAF14AC315BC9B82000AD7A8 /* JZScene.h */ = {isa = PBXFileReference; fileEncoding = 4; lastKnownFileType = sourcecode.c.h; name = JZScene.h; path = Juiz/Scene/JZScene.h; sourceTree = "<group>"; };
		CAF14AC815BD35D0000AD7A8 /* JZGLView.h */ = {isa = PBXFileReference; fileEncoding = 4; lastKnownFileType = sourcecode.c.h; name = JZGLView.h; path = Juiz/OpenGLES/JZGLView.h; sourceTree = "<group>"; };
		CAF14AC915BD35D0000AD7A8 /* JZGLView.mm */ = {isa = PBXFileReference; fileEncoding = 4; lastKnownFileType = sourcecode.cpp.objcpp; name = JZGLView.mm; path = Juiz/OpenGLES/JZGLView.mm; sourceTree = "<group>"; };
		CAF14ACB15BD3AB1000AD7A8 /* JZGLDrawer.h */ = {isa = PBXFileReference; fileEncoding = 4; lastKnownFileType = sourcecode.c.h; name = JZGLDrawer.h; path = Juiz/OpenGLES/JZGLDrawer.h; sourceTree = "<group>"; };
		CAF14ACC15BD46D6000AD7A8 /* JZSceneDirector.h */ = {isa = PBXFileReference; fileEncoding = 4; lastKnownFileType = sourcecode.c.h; name = JZSceneDirector.h; path = Juiz/Scene/JZSceneDirector.h; sourceTree = "<group>"; };
		CAF14ACD15BD46D6000AD7A8 /* JZSceneDirector.mm */ = {isa = PBXFileReference; fileEncoding = 4; lastKnownFileType = sourcecode.cpp.objcpp; name = JZSceneDirector.mm; path = Juiz/Scene/JZSceneDirector.mm; sourceTree = "<group>"; };
		CAF14ACF15BD4D88000AD7A8 /* MNGLView.h */ = {isa = PBXFileReference; fileEncoding = 4; lastKnownFileType = sourcecode.c.h; name = MNGLView.h; path = UI/OpenGLES/MNGLView.h; sourceTree = "<group>"; };
		CAF14AD015BD4D88000AD7A8 /* MNGLView.mm */ = {isa = PBXFileReference; fileEncoding = 4; lastKnownFileType = sourcecode.cpp.objcpp; name = MNGLView.mm; path = UI/OpenGLES/MNGLView.mm; sourceTree = "<group>"; };
		CAF14AD515BD53AE000AD7A8 /* MNFieldScene.h */ = {isa = PBXFileReference; fileEncoding = 4; lastKnownFileType = sourcecode.c.h; name = MNFieldScene.h; path = Scene/MNFieldScene.h; sourceTree = "<group>"; };
		CAF14AD615BD53AE000AD7A8 /* MNFieldScene.mm */ = {isa = PBXFileReference; fileEncoding = 4; lastKnownFileType = sourcecode.cpp.objcpp; name = MNFieldScene.mm; path = Scene/MNFieldScene.mm; sourceTree = "<group>"; };
		CAF14AD815BDDDAC000AD7A8 /* JZGLArrayBuffer.h */ = {isa = PBXFileReference; fileEncoding = 4; lastKnownFileType = sourcecode.c.h; name = JZGLArrayBuffer.h; path = Juiz/OpenGLES/JZGLArrayBuffer.h; sourceTree = "<group>"; };
		CAF14AD915BDDDAC000AD7A8 /* JZGLArrayBuffer.mm */ = {isa = PBXFileReference; fileEncoding = 4; lastKnownFileType = sourcecode.cpp.objcpp; name = JZGLArrayBuffer.mm; path = Juiz/OpenGLES/JZGLArrayBuffer.mm; sourceTree = "<group>"; };
		CAF14ADE15BE48C2000AD7A8 /* JZGLSprite.h */ = {isa = PBXFileReference; fileEncoding = 4; lastKnownFileType = sourcecode.c.h; name = JZGLSprite.h; path = Juiz/OpenGLES/JZGLSprite.h; sourceTree = "<group>"; };
		CAF14ADF15BE48C2000AD7A8 /* JZGLSprite.mm */ = {isa = PBXFileReference; fileEncoding = 4; lastKnownFileType = sourcecode.cpp.objcpp; name = JZGLSprite.mm; path = Juiz/OpenGLES/JZGLSprite.mm; sourceTree = "<group>"; };
		CAF14AE115BE6C34000AD7A8 /* MNSceneDirector.h */ = {isa = PBXFileReference; fileEncoding = 4; lastKnownFileType = sourcecode.c.h; name = MNSceneDirector.h; path = Scene/MNSceneDirector.h; sourceTree = "<group>"; };
		CAF14AE215BE6C34000AD7A8 /* MNSceneDirector.mm */ = {isa = PBXFileReference; fileEncoding = 4; lastKnownFileType = sourcecode.cpp.objcpp; name = MNSceneDirector.mm; path = Scene/MNSceneDirector.mm; sourceTree = "<group>"; };
		CAF27A6415CA84C400CC6E19 /* CellActionMakeMoon.h */ = {isa = PBXFileReference; fileEncoding = 4; lastKnownFileType = sourcecode.c.h; name = CellActionMakeMoon.h; path = Logic/CellAction/CellActionMakeMoon.h; sourceTree = "<group>"; };
		CAF27A6515CA84C400CC6E19 /* CellActionMakeMoon.mm */ = {isa = PBXFileReference; fileEncoding = 4; lastKnownFileType = sourcecode.cpp.objcpp; name = CellActionMakeMoon.mm; path = Logic/CellAction/CellActionMakeMoon.mm; sourceTree = "<group>"; };
		CAF27A6815CBAC9B00CC6E19 /* CellMoveTraceTarget.h */ = {isa = PBXFileReference; fileEncoding = 4; lastKnownFileType = sourcecode.c.h; name = CellMoveTraceTarget.h; path = Logic/CellAction/CellMove/CellMoveTraceTarget.h; sourceTree = "<group>"; };
		CAF27A6B15D0615700CC6E19 /* CellActionMakeTracer.h */ = {isa = PBXFileReference; fileEncoding = 4; lastKnownFileType = sourcecode.c.h; name = CellActionMakeTracer.h; path = Logic/CellAction/CellActionMakeTracer.h; sourceTree = "<group>"; };
		CAF27A6C15D0615800CC6E19 /* CellActionMakeTracer.mm */ = {isa = PBXFileReference; fileEncoding = 4; lastKnownFileType = sourcecode.cpp.objcpp; name = CellActionMakeTracer.mm; path = Logic/CellAction/CellActionMakeTracer.mm; sourceTree = "<group>"; };
		CAF4F96215C1BCE30018353B /* SpatialIndex.h */ = {isa = PBXFileReference; fileEncoding = 4; lastKnownFileType = sourcecode.c.h; name = SpatialIndex.h; path = Utility/SpatialIndex.h; sourceTree = "<group>"; };
		CAF4F96515C1BD020018353B /* MNCellDieEffect.h */ = {isa = PBXFileReference; fileEncoding = 4; lastKnownFileType = sourcecode.c.h; name = MNCellDieEffect.h; path = Scene/Effect/MNCellDieEffect.h; sourceTree = "<group>"; };
		CAF4F96615C1BD020018353B /* MNCellDieEffect.mm */ = {isa = PBXFileReference; fileEncoding = 4; lastKnownFileType = sourcecode.cpp.objcpp; name = MNCellDieEffect.mm; path = Scene/Effect/MNCellDieEffect.mm; sourceTree = "<group>"; };
		CAF4F98015C20D790018353B /* CellFamily.h */ = {isa = PBXFileReference; fileEncoding = 4; lastKnownFileType = sourcecode.c.h; name = CellFamily.h; path = Logic/CellFamily.h; sourceTree = "<group>"; };
		CAF4F98115C20D790018353B /* CellFamily.mm */ = {isa = PBXFileReference; fileEncoding = 4; lastKnownFileType = sourcecode.cpp.objcpp; name = CellFamily.mm; path = Logic/CellFamily.mm; sourceTree = "<group>"; };
/* End PBXFileReference section */

/* Begin PBXFrameworksBuildPhase section */
		CA8BF7B515BC8B2900B7B572 /* Frameworks */ = {
			isa = PBXFrameworksBuildPhase;
			buildActionMask = 2147483647;
			files = (
				CACAD41B167A530400CB51FC /* libJuiz.a in Frameworks */,
				CA8BF7F215BC8B6700B7B572 /* QuartzCore.framework in Frameworks */,
				CA8BF7F015BC8B6100B7B572 /* OpenGLES.framework in Frameworks */,
				CA8BF7BD15BC8B2900B7B572 /* UIKit.framework in Frameworks */,
				CA8BF7BF15BC8B2900B7B572 /* Foundation.framework in Frameworks */,
				CA8BF7C115BC8B2900B7B572 /* CoreGraphics.framework in Frameworks */,
			);
			runOnlyForDeploymentPostprocessing = 0;
		};
		CA8BF7CF15BC8B2900B7B572 /* Frameworks */ = {
			isa = PBXFrameworksBuildPhase;
			buildActionMask = 2147483647;
			files = (
				CA8BF7D515BC8B2900B7B572 /* SenTestingKit.framework in Frameworks */,
				CA8BF7D615BC8B2900B7B572 /* UIKit.framework in Frameworks */,
				CA8BF7D715BC8B2900B7B572 /* Foundation.framework in Frameworks */,
			);
			runOnlyForDeploymentPostprocessing = 0;
		};
/* End PBXFrameworksBuildPhase section */

/* Begin PBXGroup section */
		CA02DC8415C423A90070B1F5 /* CellAction */ = {
			isa = PBXGroup;
			children = (
				CAA99D6B15C0C01B002B85D2 /* Move */,
				CA02DC8515C423D80070B1F5 /* CellAction.h */,
				CA02DC8615C423D80070B1F5 /* CellAction.mm */,
				CA02DC8C15C458B80070B1F5 /* CellActionMultiply.h */,
				CA02DC8D15C458B80070B1F5 /* CellActionMultiply.mm */,
				CAF27A6415CA84C400CC6E19 /* CellActionMakeMoon.h */,
				CAF27A6515CA84C400CC6E19 /* CellActionMakeMoon.mm */,
				CAF27A6B15D0615700CC6E19 /* CellActionMakeTracer.h */,
				CAF27A6C15D0615800CC6E19 /* CellActionMakeTracer.mm */,
				CA7F4CE0161D1412000C75B0 /* CellActionConditional.h */,
				CA69106C17414EA300BAE086 /* CellActionConditional.mm */,
			);
			name = CellAction;
			sourceTree = "<group>";
		};
		CA8BF7AD15BC8B2800B7B572 = {
			isa = PBXGroup;
			children = (
				CACAD40D167A52D100CB51FC /* Juiz.xcodeproj */,
				CAC53B4715E23998008DD063 /* Icon-72@2x.png */,
				CAC53B4315E2394B008DD063 /* Icon-72.png */,
				CAC53B4115E2392B008DD063 /* Icon@2x.png */,
				CAC53B3F15E23925008DD063 /* Icon.png */,
				CA8BF81015BC948200B7B572 /* Resources */,
				CA8BF80B15BC93D500B7B572 /* Juiz */,
				CA8BF7C215BC8B2900B7B572 /* Muni */,
				CA8BF7DA15BC8B2900B7B572 /* MuniTests */,
				CA8BF7BB15BC8B2900B7B572 /* Frameworks */,
				CA8BF7B915BC8B2900B7B572 /* Products */,
			);
			sourceTree = "<group>";
		};
		CA8BF7B915BC8B2900B7B572 /* Products */ = {
			isa = PBXGroup;
			children = (
				CA8BF7B815BC8B2900B7B572 /* Muni.app */,
				CA8BF7D315BC8B2900B7B572 /* MuniTests.octest */,
			);
			name = Products;
			sourceTree = "<group>";
		};
		CA8BF7BB15BC8B2900B7B572 /* Frameworks */ = {
			isa = PBXGroup;
			children = (
				CA8BF7EF15BC8B6100B7B572 /* OpenGLES.framework */,
				CA8BF7F115BC8B6700B7B572 /* QuartzCore.framework */,
				CA8BF7BC15BC8B2900B7B572 /* UIKit.framework */,
				CA8BF7BE15BC8B2900B7B572 /* Foundation.framework */,
				CA8BF7C015BC8B2900B7B572 /* CoreGraphics.framework */,
				CA8BF7D415BC8B2900B7B572 /* SenTestingKit.framework */,
			);
			name = Frameworks;
			sourceTree = "<group>";
		};
		CA8BF7C215BC8B2900B7B572 /* Muni */ = {
			isa = PBXGroup;
			children = (
				CAA99D5D15C0788D002B85D2 /* Utility */,
				CAF14AC015BC96FE000AD7A8 /* Scene */,
				CA8BF7FE15BC8DD400B7B572 /* Logic */,
				CA8BF7F315BC8BB800B7B572 /* UI */,
				CA8BF7CB15BC8B2900B7B572 /* MNAppDelegate.h */,
				CA8BF7CC15BC8B2900B7B572 /* MNAppDelegate.mm */,
				CA8BF7C315BC8B2900B7B572 /* Supporting Files */,
			);
			path = Muni;
			sourceTree = "<group>";
		};
		CA8BF7C315BC8B2900B7B572 /* Supporting Files */ = {
			isa = PBXGroup;
			children = (
				CA8BF7C415BC8B2900B7B572 /* Muni-Info.plist */,
				CA8BF7C515BC8B2900B7B572 /* InfoPlist.strings */,
				CA8BF7C815BC8B2900B7B572 /* main.mm */,
				CA8BF7CA15BC8B2900B7B572 /* Muni-Prefix.pch */,
				CAC53B0F15E1DABD008DD063 /* Localizable.strings */,
			);
			name = "Supporting Files";
			sourceTree = "<group>";
		};
		CA8BF7DA15BC8B2900B7B572 /* MuniTests */ = {
			isa = PBXGroup;
			children = (
				CA8BF7E015BC8B2900B7B572 /* MuniTests.h */,
				CA8BF7E115BC8B2900B7B572 /* MuniTests.m */,
				CA8BF7DB15BC8B2900B7B572 /* Supporting Files */,
			);
			path = MuniTests;
			sourceTree = "<group>";
		};
		CA8BF7DB15BC8B2900B7B572 /* Supporting Files */ = {
			isa = PBXGroup;
			children = (
				CA8BF7DC15BC8B2900B7B572 /* MuniTests-Info.plist */,
				CA8BF7DD15BC8B2900B7B572 /* InfoPlist.strings */,
			);
			name = "Supporting Files";
			sourceTree = "<group>";
		};
		CA8BF7F315BC8BB800B7B572 /* UI */ = {
			isa = PBXGroup;
			children = (
				CAF14AB915BC95D0000AD7A8 /* OpenGLES */,
				CA8BF7F415BC8C1A00B7B572 /* MNMainViewController.h */,
				CA8BF7F515BC8C1A00B7B572 /* MNMainViewController.mm */,
				CA8BF7F615BC8C1A00B7B572 /* MNMainViewController_iPad.xib */,
				CA8BF7FB15BC8C7D00B7B572 /* MNMainViewController_iPhone.xib */,
				CABD557A1603338700023742 /* MNMenuView.h */,
				CABD557B1603338700023742 /* MNMenuView.mm */,
				CABD559D1607313100023742 /* MNChangeBackgroundViewController.h */,
				CABD559E1607313100023742 /* MNChangeBackgroundViewController.mm */,
			);
			name = UI;
			sourceTree = "<group>";
		};
		CA8BF7FE15BC8DD400B7B572 /* Logic */ = {
			isa = PBXGroup;
			children = (
				CA02DC8415C423A90070B1F5 /* CellAction */,
				CA8BF80215BC8FC900B7B572 /* MNStandardCell.h */,
				CA8BF80315BC8FC900B7B572 /* MNStandardCell.mm */,
				CA8BF80815BC90A600B7B572 /* Field.h */,
				CA8BF80915BC90A600B7B572 /* Field.mm */,
				CAA99D8715C1AFCF002B85D2 /* StandardEnvironment.h */,
				CAA99D8815C1AFD0002B85D2 /* StandardEnvironment.mm */,
				CAA99D8A15C1B4C3002B85D2 /* Environment.h */,
				CAF4F98015C20D790018353B /* CellFamily.h */,
				CAF4F98115C20D790018353B /* CellFamily.mm */,
				CA02DC7D15C261B90070B1F5 /* CellScanningResult.h */,
				CA02DC7E15C261B90070B1F5 /* CellScanningResult.mm */,
				CA02DC8B15C44E8B0070B1F5 /* MNCell.h */,
			);
			name = Logic;
			sourceTree = "<group>";
		};
		CA8BF80B15BC93D500B7B572 /* Juiz */ = {
			isa = PBXGroup;
			children = (
				CAF14AC115BC9B45000AD7A8 /* Scene */,
				CA8BF80C15BC93E800B7B572 /* OpenGLES */,
			);
			name = Juiz;
			sourceTree = "<group>";
		};
		CA8BF80C15BC93E800B7B572 /* OpenGLES */ = {
			isa = PBXGroup;
			children = (
				CA8BF80D15BC941E00B7B572 /* JZGLTexture.h */,
				CA8BF80E15BC941E00B7B572 /* JZGLTexture.mm */,
				CAF14AC815BD35D0000AD7A8 /* JZGLView.h */,
				CAF14AC915BD35D0000AD7A8 /* JZGLView.mm */,
				CAF14ACB15BD3AB1000AD7A8 /* JZGLDrawer.h */,
				CAF14AD815BDDDAC000AD7A8 /* JZGLArrayBuffer.h */,
				CAF14AD915BDDDAC000AD7A8 /* JZGLArrayBuffer.mm */,
				CAF14ADE15BE48C2000AD7A8 /* JZGLSprite.h */,
				CAF14ADF15BE48C2000AD7A8 /* JZGLSprite.mm */,
			);
			name = OpenGLES;
			sourceTree = "<group>";
		};
		CA8BF81015BC948200B7B572 /* Resources */ = {
			isa = PBXGroup;
			children = (
				CABD5594160723CA00023742 /* Background */,
				CABD55801607126100023742 /* Button */,
				CAC53B4915E23C4B008DD063 /* Default-Portrait@2x~ipad.png */,
				CAC53B4A15E23C4B008DD063 /* Default-Portrait~ipad.png */,
				CAC53B2B15E23879008DD063 /* Icon-Small-50.png */,
				CAC53B2C15E23879008DD063 /* Icon-Small.png */,
				CAC53B2D15E23879008DD063 /* Icon-Small@2x.png */,
				CAC53B2215E23116008DD063 /* Default.png */,
				CAC53B2315E23116008DD063 /* Default@2x.png */,
			);
			name = Resources;
			sourceTree = "<group>";
		};
		CAA99D4B15C05CB8002B85D2 /* Effect */ = {
			isa = PBXGroup;
			children = (
				CAF4F96515C1BD020018353B /* MNCellDieEffect.h */,
				CAF4F96615C1BD020018353B /* MNCellDieEffect.mm */,
				CAA99D4C15C05CE6002B85D2 /* MNEffect.h */,
				CAA99D4D15C05CE6002B85D2 /* MNEffect.mm */,
			);
			name = Effect;
			sourceTree = "<group>";
		};
		CAA99D5D15C0788D002B85D2 /* Utility */ = {
			isa = PBXGroup;
			children = (
				CAA99D5E15C078D7002B85D2 /* MNUtility.h */,
				CAA99D5F15C078D7002B85D2 /* MNUtility.mm */,
				CAF4F96215C1BCE30018353B /* SpatialIndex.h */,
			);
			name = Utility;
			sourceTree = "<group>";
		};
		CAA99D6B15C0C01B002B85D2 /* Move */ = {
			isa = PBXGroup;
			children = (
				CABD558E16071E7700023742 /* CellMoveWithTarget.h */,
				CA69105E174148CF00BAE086 /* CellMoveWithTarget.mm */,
				CABD558C16071E7600023742 /* CellMoveApproachNearestTarget.h */,
				CA6910601741498500BAE086 /* CellMoveApproachNearestTarget.mm */,
				CA02DC9115C47FE20070B1F5 /* CellMoveImmovable.h */,
				CA02DC9215C47FE20070B1F5 /* CellMoveImmovable.mm */,
				CA02DC9315C47FE20070B1F5 /* CellMoveFloat.h */,
				CA02DC9415C47FE20070B1F5 /* CellMoveFloat.mm */,
				CA02DC9515C47FE20070B1F5 /* CellMoveRandomWalk.h */,
				CA02DC9615C47FE20070B1F5 /* CellMoveRandomWalk.mm */,
				CA02DC9715C47FE20070B1F5 /* CellMoveApproachTarget.h */,
				CA691062174149D900BAE086 /* CellMoveApproachTarget.mm */,
				CA2C3D3315CA5F20003E1299 /* CellMoveWithNearestTarget.h */,
				CA69106417414A7700BAE086 /* CellMoveWithNearestTarget.mm */,
				CA2C3D3915CA6544003E1299 /* CellMoveEscape.h */,
				CA69106617414BA300BAE086 /* CellMoveEscape.mm */,
				CA2C3D3F15CA6943003E1299 /* CellMoveMoon.h */,
				CA69106817414DBC00BAE086 /* CellMoveMoon.mm */,
				CAF27A6815CBAC9B00CC6E19 /* CellMoveTraceTarget.h */,
				CA69106A17414E2100BAE086 /* CellMoveTraceTarget.mm */,
			);
			name = Move;
			sourceTree = "<group>";
		};
		CABD55801607126100023742 /* Button */ = {
			isa = PBXGroup;
			children = (
				CA7F4CD9160E9FC1000C75B0 /* ButtonSettings.png */,
				CA7F4CDA160E9FC1000C75B0 /* ButtonSettings@2x.png */,
				CABD5585160712B000023742 /* ButtonChangeBackground.png */,
				CABD5586160712B000023742 /* ButtonChangeBackground@2x.png */,
				CABD5581160712A600023742 /* ButtonReset.png */,
				CABD5582160712A600023742 /* ButtonReset@2x.png */,
			);
			name = Button;
			sourceTree = "<group>";
		};
		CABD5594160723CA00023742 /* Background */ = {
			isa = PBXGroup;
			children = (
				CABD55CE16089AE200023742 /* BackgroundCamera-Thumb.png */,
				CABD55CF16089AE200023742 /* BackgroundCamera-Thumb@2x.png */,
				CABD55C21607446300023742 /* Background5-Thumb.png */,
				CABD55C31607446300023742 /* Background5-Thumb@2x.png */,
				CABD55C41607446300023742 /* Background5.png */,
				CABD55C51607446300023742 /* Background5@2x.png */,
				CABD55BA160741A800023742 /* Background4-Thumb.png */,
				CABD55BB160741A800023742 /* Background4-Thumb@2x.png */,
				CABD55BC160741A800023742 /* Background4.png */,
				CABD55BD160741A800023742 /* Background4@2x.png */,
				CABD55A216073D4F00023742 /* Background1-Thumb.png */,
				CABD55A316073D4F00023742 /* Background1-Thumb@2x.png */,
				CABD55A416073D4F00023742 /* Background1.png */,
				CABD55A516073D4F00023742 /* Background1@2x.png */,
				CABD55A616073D4F00023742 /* Background2-Thumb.png */,
				CABD55A716073D4F00023742 /* Background2-Thumb@2x.png */,
				CABD55A816073D4F00023742 /* Background2.png */,
				CABD55A916073D4F00023742 /* Background2@2x.png */,
				CABD55AA16073D4F00023742 /* Background3-Thumb.png */,
				CABD55AB16073D4F00023742 /* Background3-Thumb@2x.png */,
				CABD55AC16073D4F00023742 /* Background3.png */,
				CABD55AD16073D4F00023742 /* Background3@2x.png */,
			);
			name = Background;
			sourceTree = "<group>";
		};
		CACAD40E167A52D100CB51FC /* Products */ = {
			isa = PBXGroup;
			children = (
				CACAD416167A52D100CB51FC /* libJuiz.a */,
				CACAD418167A52D100CB51FC /* JuizTests.octest */,
			);
			name = Products;
			sourceTree = "<group>";
		};
		CAF14AB915BC95D0000AD7A8 /* OpenGLES */ = {
			isa = PBXGroup;
			children = (
				CAF14ABA15BC95F9000AD7A8 /* MNGLResources.h */,
				CAF14ABB15BC95F9000AD7A8 /* MNGLResources.mm */,
				CAF14ACF15BD4D88000AD7A8 /* MNGLView.h */,
				CAF14AD015BD4D88000AD7A8 /* MNGLView.mm */,
			);
			name = OpenGLES;
			sourceTree = "<group>";
		};
		CAF14AC015BC96FE000AD7A8 /* Scene */ = {
			isa = PBXGroup;
			children = (
				CAA99D4B15C05CB8002B85D2 /* Effect */,
				CAF14AD515BD53AE000AD7A8 /* MNFieldScene.h */,
				CAF14AD615BD53AE000AD7A8 /* MNFieldScene.mm */,
				CAF14AE115BE6C34000AD7A8 /* MNSceneDirector.h */,
				CAF14AE215BE6C34000AD7A8 /* MNSceneDirector.mm */,
				CA7F4CD5160E99DC000C75B0 /* MNResetScene.h */,
				CA7F4CD6160E99DC000C75B0 /* MNResetScene.mm */,
				CA7F4CD8160E9ADA000C75B0 /* MNSceneHandler.h */,
			);
			name = Scene;
			sourceTree = "<group>";
		};
		CAF14AC115BC9B45000AD7A8 /* Scene */ = {
			isa = PBXGroup;
			children = (
				CAF14AC315BC9B82000AD7A8 /* JZScene.h */,
				CAF14ACC15BD46D6000AD7A8 /* JZSceneDirector.h */,
				CAF14ACD15BD46D6000AD7A8 /* JZSceneDirector.mm */,
			);
			name = Scene;
			sourceTree = "<group>";
		};
/* End PBXGroup section */

/* Begin PBXNativeTarget section */
		CA8BF7B715BC8B2900B7B572 /* Muni */ = {
			isa = PBXNativeTarget;
			buildConfigurationList = CA8BF7E515BC8B2900B7B572 /* Build configuration list for PBXNativeTarget "Muni" */;
			buildPhases = (
				CA8BF7B415BC8B2900B7B572 /* Sources */,
				CA8BF7B515BC8B2900B7B572 /* Frameworks */,
				CA8BF7B615BC8B2900B7B572 /* Resources */,
			);
			buildRules = (
			);
			dependencies = (
				CACAD41A167A52FD00CB51FC /* PBXTargetDependency */,
			);
			name = Muni;
			productName = Muni;
			productReference = CA8BF7B815BC8B2900B7B572 /* Muni.app */;
			productType = "com.apple.product-type.application";
		};
		CA8BF7D215BC8B2900B7B572 /* MuniTests */ = {
			isa = PBXNativeTarget;
			buildConfigurationList = CA8BF7E815BC8B2900B7B572 /* Build configuration list for PBXNativeTarget "MuniTests" */;
			buildPhases = (
				CA8BF7CE15BC8B2900B7B572 /* Sources */,
				CA8BF7CF15BC8B2900B7B572 /* Frameworks */,
				CA8BF7D015BC8B2900B7B572 /* Resources */,
				CA8BF7D115BC8B2900B7B572 /* ShellScript */,
			);
			buildRules = (
			);
			dependencies = (
				CA8BF7D915BC8B2900B7B572 /* PBXTargetDependency */,
			);
			name = MuniTests;
			productName = MuniTests;
			productReference = CA8BF7D315BC8B2900B7B572 /* MuniTests.octest */;
			productType = "com.apple.product-type.bundle";
		};
/* End PBXNativeTarget section */

/* Begin PBXProject section */
		CA8BF7AF15BC8B2800B7B572 /* Project object */ = {
			isa = PBXProject;
			attributes = {
				LastUpgradeCheck = 0450;
			};
			buildConfigurationList = CA8BF7B215BC8B2800B7B572 /* Build configuration list for PBXProject "Muni" */;
			compatibilityVersion = "Xcode 3.2";
			developmentRegion = English;
			hasScannedForEncodings = 0;
			knownRegions = (
				en,
				ja,
			);
			mainGroup = CA8BF7AD15BC8B2800B7B572;
			productRefGroup = CA8BF7B915BC8B2900B7B572 /* Products */;
			projectDirPath = "";
			projectReferences = (
				{
					ProductGroup = CACAD40E167A52D100CB51FC /* Products */;
					ProjectRef = CACAD40D167A52D100CB51FC /* Juiz.xcodeproj */;
				},
			);
			projectRoot = "";
			targets = (
				CA8BF7B715BC8B2900B7B572 /* Muni */,
				CA8BF7D215BC8B2900B7B572 /* MuniTests */,
			);
		};
/* End PBXProject section */

/* Begin PBXReferenceProxy section */
		CACAD416167A52D100CB51FC /* libJuiz.a */ = {
			isa = PBXReferenceProxy;
			fileType = archive.ar;
			path = libJuiz.a;
			remoteRef = CACAD415167A52D100CB51FC /* PBXContainerItemProxy */;
			sourceTree = BUILT_PRODUCTS_DIR;
		};
		CACAD418167A52D100CB51FC /* JuizTests.octest */ = {
			isa = PBXReferenceProxy;
			fileType = wrapper.cfbundle;
			path = JuizTests.octest;
			remoteRef = CACAD417167A52D100CB51FC /* PBXContainerItemProxy */;
			sourceTree = BUILT_PRODUCTS_DIR;
		};
/* End PBXReferenceProxy section */

/* Begin PBXResourcesBuildPhase section */
		CA8BF7B615BC8B2900B7B572 /* Resources */ = {
			isa = PBXResourcesBuildPhase;
			buildActionMask = 2147483647;
			files = (
				CA8BF7C715BC8B2900B7B572 /* InfoPlist.strings in Resources */,
				CA8BF7F815BC8C1A00B7B572 /* MNMainViewController_iPad.xib in Resources */,
				CA8BF7FD15BC8C7D00B7B572 /* MNMainViewController_iPhone.xib in Resources */,
				CAC53B0D15E1DABD008DD063 /* Localizable.strings in Resources */,
				CAC53B2415E23116008DD063 /* Default.png in Resources */,
				CAC53B2515E23116008DD063 /* Default@2x.png in Resources */,
				CAC53B3115E2387A008DD063 /* Icon-Small-50.png in Resources */,
				CAC53B3215E2387A008DD063 /* Icon-Small.png in Resources */,
				CAC53B3315E2387A008DD063 /* Icon-Small@2x.png in Resources */,
				CAC53B4015E23925008DD063 /* Icon.png in Resources */,
				CAC53B4215E2392B008DD063 /* Icon@2x.png in Resources */,
				CAC53B4415E2394B008DD063 /* Icon-72.png in Resources */,
				CAC53B4815E23998008DD063 /* Icon-72@2x.png in Resources */,
				CAC53B4B15E23C4B008DD063 /* Default-Portrait@2x~ipad.png in Resources */,
				CAC53B4C15E23C4B008DD063 /* Default-Portrait~ipad.png in Resources */,
				CABD5583160712A600023742 /* ButtonReset.png in Resources */,
				CABD5584160712A600023742 /* ButtonReset@2x.png in Resources */,
				CABD5587160712B000023742 /* ButtonChangeBackground.png in Resources */,
				CABD5588160712B000023742 /* ButtonChangeBackground@2x.png in Resources */,
				CABD55AE16073D4F00023742 /* Background1-Thumb.png in Resources */,
				CABD55AF16073D4F00023742 /* Background1-Thumb@2x.png in Resources */,
				CABD55B016073D4F00023742 /* Background1.png in Resources */,
				CABD55B116073D4F00023742 /* Background1@2x.png in Resources */,
				CABD55B216073D4F00023742 /* Background2-Thumb.png in Resources */,
				CABD55B316073D4F00023742 /* Background2-Thumb@2x.png in Resources */,
				CABD55B416073D4F00023742 /* Background2.png in Resources */,
				CABD55B516073D4F00023742 /* Background2@2x.png in Resources */,
				CABD55B616073D4F00023742 /* Background3-Thumb.png in Resources */,
				CABD55B716073D4F00023742 /* Background3-Thumb@2x.png in Resources */,
				CABD55B816073D4F00023742 /* Background3.png in Resources */,
				CABD55B916073D4F00023742 /* Background3@2x.png in Resources */,
				CABD55BE160741A800023742 /* Background4-Thumb.png in Resources */,
				CABD55BF160741A800023742 /* Background4-Thumb@2x.png in Resources */,
				CABD55C0160741A800023742 /* Background4.png in Resources */,
				CABD55C1160741A800023742 /* Background4@2x.png in Resources */,
				CABD55C61607446300023742 /* Background5-Thumb.png in Resources */,
				CABD55C71607446300023742 /* Background5-Thumb@2x.png in Resources */,
				CABD55C81607446300023742 /* Background5.png in Resources */,
				CABD55C91607446300023742 /* Background5@2x.png in Resources */,
				CABD55D016089AE200023742 /* BackgroundCamera-Thumb.png in Resources */,
				CABD55D116089AE200023742 /* BackgroundCamera-Thumb@2x.png in Resources */,
				CA7F4CDB160E9FC1000C75B0 /* ButtonSettings.png in Resources */,
				CA7F4CDC160E9FC1000C75B0 /* ButtonSettings@2x.png in Resources */,
			);
			runOnlyForDeploymentPostprocessing = 0;
		};
		CA8BF7D015BC8B2900B7B572 /* Resources */ = {
			isa = PBXResourcesBuildPhase;
			buildActionMask = 2147483647;
			files = (
				CA8BF7DF15BC8B2900B7B572 /* InfoPlist.strings in Resources */,
			);
			runOnlyForDeploymentPostprocessing = 0;
		};
/* End PBXResourcesBuildPhase section */

/* Begin PBXShellScriptBuildPhase section */
		CA8BF7D115BC8B2900B7B572 /* ShellScript */ = {
			isa = PBXShellScriptBuildPhase;
			buildActionMask = 2147483647;
			files = (
			);
			inputPaths = (
			);
			outputPaths = (
			);
			runOnlyForDeploymentPostprocessing = 0;
			shellPath = /bin/sh;
			shellScript = "# Run the unit tests in this test bundle.\n\"${SYSTEM_DEVELOPER_DIR}/Tools/RunUnitTests\"\n";
		};
/* End PBXShellScriptBuildPhase section */

/* Begin PBXSourcesBuildPhase section */
		CA8BF7B415BC8B2900B7B572 /* Sources */ = {
			isa = PBXSourcesBuildPhase;
			buildActionMask = 2147483647;
			files = (
				CA02DCA115C481E30070B1F5 /* CellMoveRandomWalk.mm in Sources */,
				CA02DCA015C481DF0070B1F5 /* CellMoveFloat.mm in Sources */,
				CA02DC9F15C481DC0070B1F5 /* CellMoveImmovable.mm in Sources */,
				CAF4F96F15C1D2DC0018353B /* MNCellDieEffect.mm in Sources */,
				CAA99D5815C06A17002B85D2 /* MNEffect.mm in Sources */,
				CA8BF7C915BC8B2900B7B572 /* main.mm in Sources */,
				CA8BF7CD15BC8B2900B7B572 /* MNAppDelegate.mm in Sources */,
				CA8BF7F715BC8C1A00B7B572 /* MNMainViewController.mm in Sources */,
				CA8BF80415BC8FC900B7B572 /* MNStandardCell.mm in Sources */,
				CA8BF80A15BC90A600B7B572 /* Field.mm in Sources */,
				CA8BF80F15BC941E00B7B572 /* JZGLTexture.mm in Sources */,
				CAF14ABC15BC95F9000AD7A8 /* MNGLResources.mm in Sources */,
				CAF14ACA15BD35D0000AD7A8 /* JZGLView.mm in Sources */,
				CAF14ACE15BD46D6000AD7A8 /* JZSceneDirector.mm in Sources */,
				CAF14AD115BD4D88000AD7A8 /* MNGLView.mm in Sources */,
				CAF14AD715BD53AE000AD7A8 /* MNFieldScene.mm in Sources */,
				CAF14ADA15BDDDAD000AD7A8 /* JZGLArrayBuffer.mm in Sources */,
				CAF14AE015BE48C2000AD7A8 /* JZGLSprite.mm in Sources */,
				CAF14AE315BE6C34000AD7A8 /* MNSceneDirector.mm in Sources */,
				CAA99D6015C078D7002B85D2 /* MNUtility.mm in Sources */,
				CAA99D8915C1AFD1002B85D2 /* StandardEnvironment.mm in Sources */,
				CAF4F98215C20D7A0018353B /* CellFamily.mm in Sources */,
				CA02DC7F15C261BA0070B1F5 /* CellScanningResult.mm in Sources */,
				CA02DC8715C423D80070B1F5 /* CellAction.mm in Sources */,
				CA02DC8E15C458B80070B1F5 /* CellActionMultiply.mm in Sources */,
				CAF27A6615CA84C400CC6E19 /* CellActionMakeMoon.mm in Sources */,
				CAF27A6D15D0615800CC6E19 /* CellActionMakeTracer.mm in Sources */,
				CABD557C1603338700023742 /* MNMenuView.mm in Sources */,
				CABD559F1607313100023742 /* MNChangeBackgroundViewController.mm in Sources */,
				CA7F4CD7160E99DC000C75B0 /* MNResetScene.mm in Sources */,
				CA69105F174148CF00BAE086 /* CellMoveWithTarget.mm in Sources */,
				CA6910611741498600BAE086 /* CellMoveApproachNearestTarget.mm in Sources */,
				CA691063174149DA00BAE086 /* CellMoveApproachTarget.mm in Sources */,
				CA69106517414A7800BAE086 /* CellMoveWithNearestTarget.mm in Sources */,
				CA69106717414BA500BAE086 /* CellMoveEscape.mm in Sources */,
				CA69106917414DBE00BAE086 /* CellMoveMoon.mm in Sources */,
				CA69106B17414E2400BAE086 /* CellMoveTraceTarget.mm in Sources */,
				CA69106D17414EA600BAE086 /* CellActionConditional.mm in Sources */,
			);
			runOnlyForDeploymentPostprocessing = 0;
		};
		CA8BF7CE15BC8B2900B7B572 /* Sources */ = {
			isa = PBXSourcesBuildPhase;
			buildActionMask = 2147483647;
			files = (
				CA8BF7E215BC8B2900B7B572 /* MuniTests.m in Sources */,
				CAA99D4E15C05CE6002B85D2 /* MNEffect.mm in Sources */,
				CAF4F96715C1BD020018353B /* MNCellDieEffect.mm in Sources */,
				CA02DC9A15C47FE20070B1F5 /* CellMoveImmovable.mm in Sources */,
				CA02DC9B15C47FE20070B1F5 /* CellMoveFloat.mm in Sources */,
				CA02DC9C15C47FE20070B1F5 /* CellMoveRandomWalk.mm in Sources */,
			);
			runOnlyForDeploymentPostprocessing = 0;
		};
/* End PBXSourcesBuildPhase section */

/* Begin PBXTargetDependency section */
		CA8BF7D915BC8B2900B7B572 /* PBXTargetDependency */ = {
			isa = PBXTargetDependency;
			target = CA8BF7B715BC8B2900B7B572 /* Muni */;
			targetProxy = CA8BF7D815BC8B2900B7B572 /* PBXContainerItemProxy */;
		};
		CACAD41A167A52FD00CB51FC /* PBXTargetDependency */ = {
			isa = PBXTargetDependency;
			name = Juiz;
			targetProxy = CACAD419167A52FD00CB51FC /* PBXContainerItemProxy */;
		};
/* End PBXTargetDependency section */

/* Begin PBXVariantGroup section */
		CA8BF7C515BC8B2900B7B572 /* InfoPlist.strings */ = {
			isa = PBXVariantGroup;
			children = (
				CA8BF7C615BC8B2900B7B572 /* en */,
			);
			name = InfoPlist.strings;
			sourceTree = "<group>";
		};
		CA8BF7DD15BC8B2900B7B572 /* InfoPlist.strings */ = {
			isa = PBXVariantGroup;
			children = (
				CA8BF7DE15BC8B2900B7B572 /* en */,
				CAC53B0C15E1DAA5008DD063 /* ja */,
			);
			name = InfoPlist.strings;
			sourceTree = "<group>";
		};
		CAC53B0F15E1DABD008DD063 /* Localizable.strings */ = {
			isa = PBXVariantGroup;
			children = (
				CAC53B0E15E1DABD008DD063 /* en */,
				CAC53B1015E1DAC5008DD063 /* ja */,
			);
			name = Localizable.strings;
			sourceTree = "<group>";
		};
/* End PBXVariantGroup section */

/* Begin XCBuildConfiguration section */
		CA0F1B3415E46EF500C76434 /* Distribution */ = {
			isa = XCBuildConfiguration;
			buildSettings = {
				ALWAYS_SEARCH_USER_PATHS = NO;
				ARCHS = "$(ARCHS_STANDARD_32_BIT)";
				CLANG_CXX_LANGUAGE_STANDARD = "c++0x";
				CLANG_CXX_LIBRARY = "libc++";
				CLANG_ENABLE_OBJC_ARC = YES;
				"CODE_SIGN_IDENTITY[sdk=iphoneos*]" = "iPhone Distribution: YUU SHIMIZU";
				COPY_PHASE_STRIP = YES;
				GCC_C_LANGUAGE_STANDARD = gnu99;
				GCC_VERSION = com.apple.compilers.llvm.clang.1_0;
				GCC_WARN_ABOUT_MISSING_PROTOTYPES = YES;
				GCC_WARN_ABOUT_RETURN_TYPE = YES;
				GCC_WARN_UNUSED_VARIABLE = YES;
				HEADER_SEARCH_PATHS = ./Libraries/Juiz/Juiz/include;
				IPHONEOS_DEPLOYMENT_TARGET = 5.0;
				OTHER_CFLAGS = "-DNS_BLOCK_ASSERTIONS";
				"PROVISIONING_PROFILE[sdk=iphoneos*]" = "20A25F1A-98C3-4DFC-9B84-D9E39D321ED0";
				SDKROOT = iphoneos;
				TARGETED_DEVICE_FAMILY = "1,2";
				VALIDATE_PRODUCT = NO;
			};
			name = Distribution;
		};
		CA0F1B3515E46EF500C76434 /* Distribution */ = {
			isa = XCBuildConfiguration;
			buildSettings = {
				CLANG_CXX_LANGUAGE_STANDARD = "gnu++0x";
				GCC_PRECOMPILE_PREFIX_HEADER = YES;
				GCC_PREFIX_HEADER = "Muni/Muni-Prefix.pch";
				HEADER_SEARCH_PATHS = ./Libraries/Juiz/Juiz/include;
				INFOPLIST_FILE = "Muni/Muni-Info.plist";
				OTHER_CFLAGS = "-DNS_BLOCK_ASSERTIONS";
				PRODUCT_NAME = "$(TARGET_NAME)";
				WRAPPER_EXTENSION = app;
			};
			name = Distribution;
		};
		CA0F1B3615E46EF500C76434 /* Distribution */ = {
			isa = XCBuildConfiguration;
			buildSettings = {
				BUNDLE_LOADER = "$(BUILT_PRODUCTS_DIR)/Muni.app/Muni";
				FRAMEWORK_SEARCH_PATHS = (
					"$(SDKROOT)/Developer/Library/Frameworks",
					"$(DEVELOPER_LIBRARY_DIR)/Frameworks",
				);
				GCC_PRECOMPILE_PREFIX_HEADER = YES;
				GCC_PREFIX_HEADER = "Muni/Muni-Prefix.pch";
				INFOPLIST_FILE = "MuniTests/MuniTests-Info.plist";
				PRODUCT_NAME = "$(TARGET_NAME)";
				TEST_HOST = "$(BUNDLE_LOADER)";
				WRAPPER_EXTENSION = octest;
			};
			name = Distribution;
		};
		CA8BF7E315BC8B2900B7B572 /* Debug */ = {
			isa = XCBuildConfiguration;
			buildSettings = {
				ALWAYS_SEARCH_USER_PATHS = NO;
				ARCHS = "$(ARCHS_STANDARD_32_BIT)";
				CLANG_CXX_LANGUAGE_STANDARD = "c++0x";
				CLANG_CXX_LIBRARY = "libc++";
				CLANG_ENABLE_OBJC_ARC = YES;
				"CODE_SIGN_IDENTITY[sdk=iphoneos*]" = "iPhone Developer";
				COPY_PHASE_STRIP = NO;
				GCC_C_LANGUAGE_STANDARD = gnu99;
				GCC_DYNAMIC_NO_PIC = NO;
				GCC_OPTIMIZATION_LEVEL = 0;
				GCC_PREPROCESSOR_DEFINITIONS = (
					"DEBUG=1",
					"$(inherited)",
				);
				GCC_SYMBOLS_PRIVATE_EXTERN = NO;
				GCC_VERSION = com.apple.compilers.llvm.clang.1_0;
				GCC_WARN_ABOUT_MISSING_PROTOTYPES = YES;
				GCC_WARN_ABOUT_RETURN_TYPE = YES;
				GCC_WARN_UNUSED_VARIABLE = YES;
				HEADER_SEARCH_PATHS = ./Libraries/Juiz/Juiz/include;
				IPHONEOS_DEPLOYMENT_TARGET = 5.0;
				OTHER_CFLAGS = "";
				"PROVISIONING_PROFILE[sdk=iphoneos*]" = "";
				SDKROOT = iphoneos;
				TARGETED_DEVICE_FAMILY = "1,2";
			};
			name = Debug;
		};
		CA8BF7E415BC8B2900B7B572 /* Release */ = {
			isa = XCBuildConfiguration;
			buildSettings = {
				ALWAYS_SEARCH_USER_PATHS = NO;
				ARCHS = "$(ARCHS_STANDARD_32_BIT)";
				CLANG_CXX_LANGUAGE_STANDARD = "c++0x";
				CLANG_CXX_LIBRARY = "libc++";
				CLANG_ENABLE_OBJC_ARC = YES;
				"CODE_SIGN_IDENTITY[sdk=iphoneos*]" = "";
				COPY_PHASE_STRIP = YES;
				GCC_C_LANGUAGE_STANDARD = gnu99;
				GCC_VERSION = com.apple.compilers.llvm.clang.1_0;
				GCC_WARN_ABOUT_MISSING_PROTOTYPES = YES;
				GCC_WARN_ABOUT_RETURN_TYPE = YES;
				GCC_WARN_UNUSED_VARIABLE = YES;
				HEADER_SEARCH_PATHS = ./Libraries/Juiz/Juiz/include;
				IPHONEOS_DEPLOYMENT_TARGET = 5.0;
				OTHER_CFLAGS = "-DNS_BLOCK_ASSERTIONS";
				SDKROOT = iphoneos;
				TARGETED_DEVICE_FAMILY = "1,2";
				VALIDATE_PRODUCT = YES;
			};
			name = Release;
		};
		CA8BF7E615BC8B2900B7B572 /* Debug */ = {
			isa = XCBuildConfiguration;
			buildSettings = {
				CLANG_CXX_LANGUAGE_STANDARD = "gnu++0x";
				GCC_PRECOMPILE_PREFIX_HEADER = YES;
				GCC_PREFIX_HEADER = "Muni/Muni-Prefix.pch";
				HEADER_SEARCH_PATHS = ./Libraries/Juiz/Juiz/include;
				INFOPLIST_FILE = "Muni/Muni-Info.plist";
				OTHER_CFLAGS = "";
				PRODUCT_NAME = "$(TARGET_NAME)";
				WRAPPER_EXTENSION = app;
			};
			name = Debug;
		};
		CA8BF7E715BC8B2900B7B572 /* Release */ = {
			isa = XCBuildConfiguration;
			buildSettings = {
				CLANG_CXX_LANGUAGE_STANDARD = "gnu++0x";
				GCC_PRECOMPILE_PREFIX_HEADER = YES;
				GCC_PREFIX_HEADER = "Muni/Muni-Prefix.pch";
				HEADER_SEARCH_PATHS = ./Libraries/Juiz/Juiz/include;
				INFOPLIST_FILE = "Muni/Muni-Info.plist";
				PRODUCT_NAME = "$(TARGET_NAME)";
				WRAPPER_EXTENSION = app;
			};
			name = Release;
		};
		CA8BF7E915BC8B2900B7B572 /* Debug */ = {
			isa = XCBuildConfiguration;
			buildSettings = {
				BUNDLE_LOADER = "$(BUILT_PRODUCTS_DIR)/Muni.app/Muni";
				FRAMEWORK_SEARCH_PATHS = (
					"$(SDKROOT)/Developer/Library/Frameworks",
					"$(DEVELOPER_LIBRARY_DIR)/Frameworks",
				);
				GCC_PRECOMPILE_PREFIX_HEADER = YES;
				GCC_PREFIX_HEADER = "Muni/Muni-Prefix.pch";
				INFOPLIST_FILE = "MuniTests/MuniTests-Info.plist";
				PRODUCT_NAME = "$(TARGET_NAME)";
				TEST_HOST = "$(BUNDLE_LOADER)";
				WRAPPER_EXTENSION = octest;
			};
			name = Debug;
		};
		CA8BF7EA15BC8B2900B7B572 /* Release */ = {
			isa = XCBuildConfiguration;
			buildSettings = {
				BUNDLE_LOADER = "$(BUILT_PRODUCTS_DIR)/Muni.app/Muni";
				FRAMEWORK_SEARCH_PATHS = (
					"$(SDKROOT)/Developer/Library/Frameworks",
					"$(DEVELOPER_LIBRARY_DIR)/Frameworks",
				);
				GCC_PRECOMPILE_PREFIX_HEADER = YES;
				GCC_PREFIX_HEADER = "Muni/Muni-Prefix.pch";
				INFOPLIST_FILE = "MuniTests/MuniTests-Info.plist";
				PRODUCT_NAME = "$(TARGET_NAME)";
				TEST_HOST = "$(BUNDLE_LOADER)";
				WRAPPER_EXTENSION = octest;
			};
			name = Release;
		};
/* End XCBuildConfiguration section */

/* Begin XCConfigurationList section */
		CA8BF7B215BC8B2800B7B572 /* Build configuration list for PBXProject "Muni" */ = {
			isa = XCConfigurationList;
			buildConfigurations = (
				CA8BF7E315BC8B2900B7B572 /* Debug */,
				CA8BF7E415BC8B2900B7B572 /* Release */,
				CA0F1B3415E46EF500C76434 /* Distribution */,
			);
			defaultConfigurationIsVisible = 0;
			defaultConfigurationName = Release;
		};
		CA8BF7E515BC8B2900B7B572 /* Build configuration list for PBXNativeTarget "Muni" */ = {
			isa = XCConfigurationList;
			buildConfigurations = (
				CA8BF7E615BC8B2900B7B572 /* Debug */,
				CA8BF7E715BC8B2900B7B572 /* Release */,
				CA0F1B3515E46EF500C76434 /* Distribution */,
			);
			defaultConfigurationIsVisible = 0;
			defaultConfigurationName = Release;
		};
		CA8BF7E815BC8B2900B7B572 /* Build configuration list for PBXNativeTarget "MuniTests" */ = {
			isa = XCConfigurationList;
			buildConfigurations = (
				CA8BF7E915BC8B2900B7B572 /* Debug */,
				CA8BF7EA15BC8B2900B7B572 /* Release */,
				CA0F1B3615E46EF500C76434 /* Distribution */,
			);
			defaultConfigurationIsVisible = 0;
			defaultConfigurationName = Release;
		};
/* End XCConfigurationList section */
	};
	rootObject = CA8BF7AF15BC8B2800B7B572 /* Project object */;
}
