// !$*UTF8*$!
{
	archiveVersion = 1;
	classes = {
	};
	objectVersion = 46;
	objects = {

/* Begin PBXBuildFile section */
		CA366DC7153B53F800E709F7 /* UIKit.framework in Frameworks */ = {isa = PBXBuildFile; fileRef = CA366DC6153B53F800E709F7 /* UIKit.framework */; };
		CA366DC9153B53F800E709F7 /* Foundation.framework in Frameworks */ = {isa = PBXBuildFile; fileRef = CA366DC8153B53F800E709F7 /* Foundation.framework */; };
		CA366DCB153B53F800E709F7 /* CoreGraphics.framework in Frameworks */ = {isa = PBXBuildFile; fileRef = CA366DCA153B53F800E709F7 /* CoreGraphics.framework */; };
		CA366DD1153B53F800E709F7 /* InfoPlist.strings in Resources */ = {isa = PBXBuildFile; fileRef = CA366DCF153B53F800E709F7 /* InfoPlist.strings */; };
		CA366DD3153B53F800E709F7 /* main.m in Sources */ = {isa = PBXBuildFile; fileRef = CA366DD2153B53F800E709F7 /* main.m */; };
		CA366DD7153B53F800E709F7 /* MNAppDelegate.m in Sources */ = {isa = PBXBuildFile; fileRef = CA366DD6153B53F800E709F7 /* MNAppDelegate.m */; };
		CA366DDF153B53F800E709F7 /* SenTestingKit.framework in Frameworks */ = {isa = PBXBuildFile; fileRef = CA366DDE153B53F800E709F7 /* SenTestingKit.framework */; };
		CA366DE0153B53F800E709F7 /* UIKit.framework in Frameworks */ = {isa = PBXBuildFile; fileRef = CA366DC6153B53F800E709F7 /* UIKit.framework */; };
		CA366DE1153B53F800E709F7 /* Foundation.framework in Frameworks */ = {isa = PBXBuildFile; fileRef = CA366DC8153B53F800E709F7 /* Foundation.framework */; };
		CA366DE9153B53F900E709F7 /* InfoPlist.strings in Resources */ = {isa = PBXBuildFile; fileRef = CA366DE7153B53F900E709F7 /* InfoPlist.strings */; };
		CA366DEC153B53F900E709F7 /* MuniTests.m in Sources */ = {isa = PBXBuildFile; fileRef = CA366DEB153B53F900E709F7 /* MuniTests.m */; };
/* End PBXBuildFile section */

/* Begin PBXContainerItemProxy section */
		CA366DE2153B53F800E709F7 /* PBXContainerItemProxy */ = {
			isa = PBXContainerItemProxy;
			containerPortal = CA366DB9153B53F800E709F7 /* Project object */;
			proxyType = 1;
			remoteGlobalIDString = CA366DC1153B53F800E709F7;
			remoteInfo = Muni;
		};
/* End PBXContainerItemProxy section */

/* Begin PBXFileReference section */
		CA366DC2153B53F800E709F7 /* Muni.app */ = {isa = PBXFileReference; explicitFileType = wrapper.application; includeInIndex = 0; path = Muni.app; sourceTree = BUILT_PRODUCTS_DIR; };
		CA366DC6153B53F800E709F7 /* UIKit.framework */ = {isa = PBXFileReference; lastKnownFileType = wrapper.framework; name = UIKit.framework; path = System/Library/Frameworks/UIKit.framework; sourceTree = SDKROOT; };
		CA366DC8153B53F800E709F7 /* Foundation.framework */ = {isa = PBXFileReference; lastKnownFileType = wrapper.framework; name = Foundation.framework; path = System/Library/Frameworks/Foundation.framework; sourceTree = SDKROOT; };
		CA366DCA153B53F800E709F7 /* CoreGraphics.framework */ = {isa = PBXFileReference; lastKnownFileType = wrapper.framework; name = CoreGraphics.framework; path = System/Library/Frameworks/CoreGraphics.framework; sourceTree = SDKROOT; };
		CA366DCE153B53F800E709F7 /* Muni-Info.plist */ = {isa = PBXFileReference; lastKnownFileType = text.plist.xml; path = "Muni-Info.plist"; sourceTree = "<group>"; };
		CA366DD0153B53F800E709F7 /* en */ = {isa = PBXFileReference; lastKnownFileType = text.plist.strings; name = en; path = en.lproj/InfoPlist.strings; sourceTree = "<group>"; };
		CA366DD2153B53F800E709F7 /* main.m */ = {isa = PBXFileReference; lastKnownFileType = sourcecode.c.objc; path = main.m; sourceTree = "<group>"; };
		CA366DD4153B53F800E709F7 /* Muni-Prefix.pch */ = {isa = PBXFileReference; lastKnownFileType = sourcecode.c.h; path = "Muni-Prefix.pch"; sourceTree = "<group>"; };
		CA366DD5153B53F800E709F7 /* MNAppDelegate.h */ = {isa = PBXFileReference; lastKnownFileType = sourcecode.c.h; path = MNAppDelegate.h; sourceTree = "<group>"; };
		CA366DD6153B53F800E709F7 /* MNAppDelegate.m */ = {isa = PBXFileReference; lastKnownFileType = sourcecode.c.objc; path = MNAppDelegate.m; sourceTree = "<group>"; };
		CA366DDD153B53F800E709F7 /* MuniTests.octest */ = {isa = PBXFileReference; explicitFileType = wrapper.cfbundle; includeInIndex = 0; path = MuniTests.octest; sourceTree = BUILT_PRODUCTS_DIR; };
		CA366DDE153B53F800E709F7 /* SenTestingKit.framework */ = {isa = PBXFileReference; lastKnownFileType = wrapper.framework; name = SenTestingKit.framework; path = Library/Frameworks/SenTestingKit.framework; sourceTree = DEVELOPER_DIR; };
		CA366DE6153B53F900E709F7 /* MuniTests-Info.plist */ = {isa = PBXFileReference; lastKnownFileType = text.plist.xml; path = "MuniTests-Info.plist"; sourceTree = "<group>"; };
		CA366DE8153B53F900E709F7 /* en */ = {isa = PBXFileReference; lastKnownFileType = text.plist.strings; name = en; path = en.lproj/InfoPlist.strings; sourceTree = "<group>"; };
		CA366DEA153B53F900E709F7 /* MuniTests.h */ = {isa = PBXFileReference; lastKnownFileType = sourcecode.c.h; path = MuniTests.h; sourceTree = "<group>"; };
		CA366DEB153B53F900E709F7 /* MuniTests.m */ = {isa = PBXFileReference; lastKnownFileType = sourcecode.c.objc; path = MuniTests.m; sourceTree = "<group>"; };
/* End PBXFileReference section */

/* Begin PBXFrameworksBuildPhase section */
		CA366DBF153B53F800E709F7 /* Frameworks */ = {
			isa = PBXFrameworksBuildPhase;
			buildActionMask = 2147483647;
			files = (
				CA366DC7153B53F800E709F7 /* UIKit.framework in Frameworks */,
				CA366DC9153B53F800E709F7 /* Foundation.framework in Frameworks */,
				CA366DCB153B53F800E709F7 /* CoreGraphics.framework in Frameworks */,
			);
			runOnlyForDeploymentPostprocessing = 0;
		};
		CA366DD9153B53F800E709F7 /* Frameworks */ = {
			isa = PBXFrameworksBuildPhase;
			buildActionMask = 2147483647;
			files = (
				CA366DDF153B53F800E709F7 /* SenTestingKit.framework in Frameworks */,
				CA366DE0153B53F800E709F7 /* UIKit.framework in Frameworks */,
				CA366DE1153B53F800E709F7 /* Foundation.framework in Frameworks */,
			);
			runOnlyForDeploymentPostprocessing = 0;
		};
/* End PBXFrameworksBuildPhase section */

/* Begin PBXGroup section */
		CA366DB7153B53F800E709F7 = {
			isa = PBXGroup;
			children = (
				CA366DCC153B53F800E709F7 /* Muni */,
				CA366DE4153B53F800E709F7 /* MuniTests */,
				CA366DC5153B53F800E709F7 /* Frameworks */,
				CA366DC3153B53F800E709F7 /* Products */,
			);
			sourceTree = "<group>";
		};
		CA366DC3153B53F800E709F7 /* Products */ = {
			isa = PBXGroup;
			children = (
				CA366DC2153B53F800E709F7 /* Muni.app */,
				CA366DDD153B53F800E709F7 /* MuniTests.octest */,
			);
			name = Products;
			sourceTree = "<group>";
		};
		CA366DC5153B53F800E709F7 /* Frameworks */ = {
			isa = PBXGroup;
			children = (
				CA366DC6153B53F800E709F7 /* UIKit.framework */,
				CA366DC8153B53F800E709F7 /* Foundation.framework */,
				CA366DCA153B53F800E709F7 /* CoreGraphics.framework */,
				CA366DDE153B53F800E709F7 /* SenTestingKit.framework */,
			);
			name = Frameworks;
			sourceTree = "<group>";
		};
		CA366DCC153B53F800E709F7 /* Muni */ = {
			isa = PBXGroup;
			children = (
				CA366DD5153B53F800E709F7 /* MNAppDelegate.h */,
				CA366DD6153B53F800E709F7 /* MNAppDelegate.m */,
				CA366DCD153B53F800E709F7 /* Supporting Files */,
			);
			path = Muni;
			sourceTree = "<group>";
		};
		CA366DCD153B53F800E709F7 /* Supporting Files */ = {
			isa = PBXGroup;
			children = (
				CA366DCE153B53F800E709F7 /* Muni-Info.plist */,
				CA366DCF153B53F800E709F7 /* InfoPlist.strings */,
				CA366DD2153B53F800E709F7 /* main.m */,
				CA366DD4153B53F800E709F7 /* Muni-Prefix.pch */,
			);
			name = "Supporting Files";
			sourceTree = "<group>";
		};
		CA366DE4153B53F800E709F7 /* MuniTests */ = {
			isa = PBXGroup;
			children = (
				CA366DEA153B53F900E709F7 /* MuniTests.h */,
				CA366DEB153B53F900E709F7 /* MuniTests.m */,
				CA366DE5153B53F900E709F7 /* Supporting Files */,
			);
			path = MuniTests;
			sourceTree = "<group>";
		};
		CA366DE5153B53F900E709F7 /* Supporting Files */ = {
			isa = PBXGroup;
			children = (
				CA366DE6153B53F900E709F7 /* MuniTests-Info.plist */,
				CA366DE7153B53F900E709F7 /* InfoPlist.strings */,
			);
			name = "Supporting Files";
			sourceTree = "<group>";
		};
/* End PBXGroup section */

/* Begin PBXNativeTarget section */
		CA366DC1153B53F800E709F7 /* Muni */ = {
			isa = PBXNativeTarget;
			buildConfigurationList = CA366DEF153B53F900E709F7 /* Build configuration list for PBXNativeTarget "Muni" */;
			buildPhases = (
				CA366DBE153B53F800E709F7 /* Sources */,
				CA366DBF153B53F800E709F7 /* Frameworks */,
				CA366DC0153B53F800E709F7 /* Resources */,
			);
			buildRules = (
			);
			dependencies = (
			);
			name = Muni;
			productName = Muni;
			productReference = CA366DC2153B53F800E709F7 /* Muni.app */;
			productType = "com.apple.product-type.application";
		};
		CA366DDC153B53F800E709F7 /* MuniTests */ = {
			isa = PBXNativeTarget;
			buildConfigurationList = CA366DF2153B53F900E709F7 /* Build configuration list for PBXNativeTarget "MuniTests" */;
			buildPhases = (
				CA366DD8153B53F800E709F7 /* Sources */,
				CA366DD9153B53F800E709F7 /* Frameworks */,
				CA366DDA153B53F800E709F7 /* Resources */,
				CA366DDB153B53F800E709F7 /* ShellScript */,
			);
			buildRules = (
			);
			dependencies = (
				CA366DE3153B53F800E709F7 /* PBXTargetDependency */,
			);
			name = MuniTests;
			productName = MuniTests;
			productReference = CA366DDD153B53F800E709F7 /* MuniTests.octest */;
			productType = "com.apple.product-type.bundle";
		};
/* End PBXNativeTarget section */

/* Begin PBXProject section */
		CA366DB9153B53F800E709F7 /* Project object */ = {
			isa = PBXProject;
			attributes = {
				LastUpgradeCheck = 0420;
			};
			buildConfigurationList = CA366DBC153B53F800E709F7 /* Build configuration list for PBXProject "Muni" */;
			compatibilityVersion = "Xcode 3.2";
			developmentRegion = English;
			hasScannedForEncodings = 0;
			knownRegions = (
				en,
			);
			mainGroup = CA366DB7153B53F800E709F7;
			productRefGroup = CA366DC3153B53F800E709F7 /* Products */;
			projectDirPath = "";
			projectRoot = "";
			targets = (
				CA366DC1153B53F800E709F7 /* Muni */,
				CA366DDC153B53F800E709F7 /* MuniTests */,
			);
		};
/* End PBXProject section */

/* Begin PBXResourcesBuildPhase section */
		CA366DC0153B53F800E709F7 /* Resources */ = {
			isa = PBXResourcesBuildPhase;
			buildActionMask = 2147483647;
			files = (
				CA366DD1153B53F800E709F7 /* InfoPlist.strings in Resources */,
			);
			runOnlyForDeploymentPostprocessing = 0;
		};
		CA366DDA153B53F800E709F7 /* Resources */ = {
			isa = PBXResourcesBuildPhase;
			buildActionMask = 2147483647;
			files = (
				CA366DE9153B53F900E709F7 /* InfoPlist.strings in Resources */,
			);
			runOnlyForDeploymentPostprocessing = 0;
		};
/* End PBXResourcesBuildPhase section */

/* Begin PBXShellScriptBuildPhase section */
		CA366DDB153B53F800E709F7 /* ShellScript */ = {
			isa = PBXShellScriptBuildPhase;
			buildActionMask = 2147483647;
			files = (
			);
			inputPaths = (
			);
			outputPaths = (
			);
			runOnlyForDeploymentPostprocessing = 0;
			shellPath = /bin/sh;
			shellScript = "# Run the unit tests in this test bundle.\n\"${SYSTEM_DEVELOPER_DIR}/Tools/RunUnitTests\"\n";
		};
/* End PBXShellScriptBuildPhase section */

/* Begin PBXSourcesBuildPhase section */
		CA366DBE153B53F800E709F7 /* Sources */ = {
			isa = PBXSourcesBuildPhase;
			buildActionMask = 2147483647;
			files = (
				CA366DD3153B53F800E709F7 /* main.m in Sources */,
				CA366DD7153B53F800E709F7 /* MNAppDelegate.m in Sources */,
			);
			runOnlyForDeploymentPostprocessing = 0;
		};
		CA366DD8153B53F800E709F7 /* Sources */ = {
			isa = PBXSourcesBuildPhase;
			buildActionMask = 2147483647;
			files = (
				CA366DEC153B53F900E709F7 /* MuniTests.m in Sources */,
			);
			runOnlyForDeploymentPostprocessing = 0;
		};
/* End PBXSourcesBuildPhase section */

/* Begin PBXTargetDependency section */
		CA366DE3153B53F800E709F7 /* PBXTargetDependency */ = {
			isa = PBXTargetDependency;
			target = CA366DC1153B53F800E709F7 /* Muni */;
			targetProxy = CA366DE2153B53F800E709F7 /* PBXContainerItemProxy */;
		};
/* End PBXTargetDependency section */

/* Begin PBXVariantGroup section */
		CA366DCF153B53F800E709F7 /* InfoPlist.strings */ = {
			isa = PBXVariantGroup;
			children = (
				CA366DD0153B53F800E709F7 /* en */,
			);
			name = InfoPlist.strings;
			sourceTree = "<group>";
		};
		CA366DE7153B53F900E709F7 /* InfoPlist.strings */ = {
			isa = PBXVariantGroup;
			children = (
				CA366DE8153B53F900E709F7 /* en */,
			);
			name = InfoPlist.strings;
			sourceTree = "<group>";
		};
/* End PBXVariantGroup section */

/* Begin XCBuildConfiguration section */
		CA366DED153B53F900E709F7 /* Debug */ = {
			isa = XCBuildConfiguration;
			buildSettings = {
				ALWAYS_SEARCH_USER_PATHS = NO;
				ARCHS = "$(ARCHS_STANDARD_32_BIT)";
				CLANG_ENABLE_OBJC_ARC = YES;
				"CODE_SIGN_IDENTITY[sdk=iphoneos*]" = "iPhone Developer";
				COPY_PHASE_STRIP = NO;
				GCC_C_LANGUAGE_STANDARD = gnu99;
				GCC_DYNAMIC_NO_PIC = NO;
				GCC_OPTIMIZATION_LEVEL = 0;
				GCC_PREPROCESSOR_DEFINITIONS = (
					"DEBUG=1",
					"$(inherited)",
				);
				GCC_SYMBOLS_PRIVATE_EXTERN = NO;
				GCC_VERSION = com.apple.compilers.llvm.clang.1_0;
				GCC_WARN_ABOUT_MISSING_PROTOTYPES = YES;
				GCC_WARN_ABOUT_RETURN_TYPE = YES;
				GCC_WARN_UNUSED_VARIABLE = YES;
				IPHONEOS_DEPLOYMENT_TARGET = 5.0;
				SDKROOT = iphoneos;
				TARGETED_DEVICE_FAMILY = "1,2";
			};
			name = Debug;
		};
		CA366DEE153B53F900E709F7 /* Release */ = {
			isa = XCBuildConfiguration;
			buildSettings = {
				ALWAYS_SEARCH_USER_PATHS = NO;
				ARCHS = "$(ARCHS_STANDARD_32_BIT)";
				CLANG_ENABLE_OBJC_ARC = YES;
				"CODE_SIGN_IDENTITY[sdk=iphoneos*]" = "iPhone Developer";
				COPY_PHASE_STRIP = YES;
				GCC_C_LANGUAGE_STANDARD = gnu99;
				GCC_VERSION = com.apple.compilers.llvm.clang.1_0;
				GCC_WARN_ABOUT_MISSING_PROTOTYPES = YES;
				GCC_WARN_ABOUT_RETURN_TYPE = YES;
				GCC_WARN_UNUSED_VARIABLE = YES;
				IPHONEOS_DEPLOYMENT_TARGET = 5.0;
				OTHER_CFLAGS = "-DNS_BLOCK_ASSERTIONS=1";
				SDKROOT = iphoneos;
				TARGETED_DEVICE_FAMILY = "1,2";
				VALIDATE_PRODUCT = YES;
			};
			name = Release;
		};
		CA366DF0153B53F900E709F7 /* Debug */ = {
			isa = XCBuildConfiguration;
			buildSettings = {
				GCC_PRECOMPILE_PREFIX_HEADER = YES;
				GCC_PREFIX_HEADER = "Muni/Muni-Prefix.pch";
				INFOPLIST_FILE = "Muni/Muni-Info.plist";
				PRODUCT_NAME = "$(TARGET_NAME)";
				WRAPPER_EXTENSION = app;
			};
			name = Debug;
		};
		CA366DF1153B53F900E709F7 /* Release */ = {
			isa = XCBuildConfiguration;
			buildSettings = {
				GCC_PRECOMPILE_PREFIX_HEADER = YES;
				GCC_PREFIX_HEADER = "Muni/Muni-Prefix.pch";
				INFOPLIST_FILE = "Muni/Muni-Info.plist";
				PRODUCT_NAME = "$(TARGET_NAME)";
				WRAPPER_EXTENSION = app;
			};
			name = Release;
		};
		CA366DF3153B53F900E709F7 /* Debug */ = {
			isa = XCBuildConfiguration;
			buildSettings = {
				BUNDLE_LOADER = "$(BUILT_PRODUCTS_DIR)/Muni.app/Muni";
				FRAMEWORK_SEARCH_PATHS = (
					"$(SDKROOT)/Developer/Library/Frameworks",
					"$(DEVELOPER_LIBRARY_DIR)/Frameworks",
				);
				GCC_PRECOMPILE_PREFIX_HEADER = YES;
				GCC_PREFIX_HEADER = "Muni/Muni-Prefix.pch";
				INFOPLIST_FILE = "MuniTests/MuniTests-Info.plist";
				PRODUCT_NAME = "$(TARGET_NAME)";
				TEST_HOST = "$(BUNDLE_LOADER)";
				WRAPPER_EXTENSION = octest;
			};
			name = Debug;
		};
		CA366DF4153B53F900E709F7 /* Release */ = {
			isa = XCBuildConfiguration;
			buildSettings = {
				BUNDLE_LOADER = "$(BUILT_PRODUCTS_DIR)/Muni.app/Muni";
				FRAMEWORK_SEARCH_PATHS = (
					"$(SDKROOT)/Developer/Library/Frameworks",
					"$(DEVELOPER_LIBRARY_DIR)/Frameworks",
				);
				GCC_PRECOMPILE_PREFIX_HEADER = YES;
				GCC_PREFIX_HEADER = "Muni/Muni-Prefix.pch";
				INFOPLIST_FILE = "MuniTests/MuniTests-Info.plist";
				PRODUCT_NAME = "$(TARGET_NAME)";
				TEST_HOST = "$(BUNDLE_LOADER)";
				WRAPPER_EXTENSION = octest;
			};
			name = Release;
		};
/* End XCBuildConfiguration section */

/* Begin XCConfigurationList section */
		CA366DBC153B53F800E709F7 /* Build configuration list for PBXProject "Muni" */ = {
			isa = XCConfigurationList;
			buildConfigurations = (
				CA366DED153B53F900E709F7 /* Debug */,
				CA366DEE153B53F900E709F7 /* Release */,
			);
			defaultConfigurationIsVisible = 0;
			defaultConfigurationName = Release;
		};
		CA366DEF153B53F900E709F7 /* Build configuration list for PBXNativeTarget "Muni" */ = {
			isa = XCConfigurationList;
			buildConfigurations = (
				CA366DF0153B53F900E709F7 /* Debug */,
				CA366DF1153B53F900E709F7 /* Release */,
			);
			defaultConfigurationIsVisible = 0;
		};
		CA366DF2153B53F900E709F7 /* Build configuration list for PBXNativeTarget "MuniTests" */ = {
			isa = XCConfigurationList;
			buildConfigurations = (
				CA366DF3153B53F900E709F7 /* Debug */,
				CA366DF4153B53F900E709F7 /* Release */,
			);
			defaultConfigurationIsVisible = 0;
		};
/* End XCConfigurationList section */
	};
	rootObject = CA366DB9153B53F800E709F7 /* Project object */;
}
